// !$*UTF8*$!
{
	archiveVersion = 1;
	classes = {
	};
	objectVersion = 46;
	objects = {

/* Begin PBXBuildFile section */
		C36C41371A0B206600F37668 /* main.m in Sources */ = {isa = PBXBuildFile; fileRef = C36C41361A0B206600F37668 /* main.m */; };
		C36C413A1A0B206600F37668 /* AppDelegate.m in Sources */ = {isa = PBXBuildFile; fileRef = C36C41391A0B206600F37668 /* AppDelegate.m */; };
		C36C413D1A0B206600F37668 /* LoginViewController.m in Sources */ = {isa = PBXBuildFile; fileRef = C36C413C1A0B206600F37668 /* LoginViewController.m */; };
		C36C41401A0B206600F37668 /* Main.storyboard in Resources */ = {isa = PBXBuildFile; fileRef = C36C413E1A0B206600F37668 /* Main.storyboard */; };
		C36C41421A0B206600F37668 /* Images.xcassets in Resources */ = {isa = PBXBuildFile; fileRef = C36C41411A0B206600F37668 /* Images.xcassets */; };
		C36C41451A0B206600F37668 /* LaunchScreen.xib in Resources */ = {isa = PBXBuildFile; fileRef = C36C41431A0B206600F37668 /* LaunchScreen.xib */; };
		C36C41511A0B206600F37668 /* Whos_HungryTests.m in Sources */ = {isa = PBXBuildFile; fileRef = C36C41501A0B206600F37668 /* Whos_HungryTests.m */; };
		C36C415C1A0B231B00F37668 /* MainViewController.m in Sources */ = {isa = PBXBuildFile; fileRef = C36C415B1A0B231B00F37668 /* MainViewController.m */; };
		C36C415F1A0B232600F37668 /* MapViewController.m in Sources */ = {isa = PBXBuildFile; fileRef = C36C415E1A0B232600F37668 /* MapViewController.m */; };
		C36C41621A0B233900F37668 /* LobbyViewController.m in Sources */ = {isa = PBXBuildFile; fileRef = C36C41611A0B233900F37668 /* LobbyViewController.m */; };
		C36C41651A0B234200F37668 /* SummaryViewController.m in Sources */ = {isa = PBXBuildFile; fileRef = C36C41641A0B234200F37668 /* SummaryViewController.m */; };
		C36C41681A0B235300F37668 /* VoteViewController.m in Sources */ = {isa = PBXBuildFile; fileRef = C36C41671A0B235300F37668 /* VoteViewController.m */; };
/* End PBXBuildFile section */

/* Begin PBXContainerItemProxy section */
		C36C414B1A0B206600F37668 /* PBXContainerItemProxy */ = {
			isa = PBXContainerItemProxy;
			containerPortal = C36C41291A0B206600F37668 /* Project object */;
			proxyType = 1;
			remoteGlobalIDString = C36C41301A0B206600F37668;
			remoteInfo = "Whos Hungry";
		};
/* End PBXContainerItemProxy section */

/* Begin PBXFileReference section */
		C36C41311A0B206600F37668 /* Whos Hungry.app */ = {isa = PBXFileReference; explicitFileType = wrapper.application; includeInIndex = 0; path = "Whos Hungry.app"; sourceTree = BUILT_PRODUCTS_DIR; };
		C36C41351A0B206600F37668 /* Info.plist */ = {isa = PBXFileReference; lastKnownFileType = text.plist.xml; path = Info.plist; sourceTree = "<group>"; };
		C36C41361A0B206600F37668 /* main.m */ = {isa = PBXFileReference; lastKnownFileType = sourcecode.c.objc; path = main.m; sourceTree = "<group>"; };
		C36C41381A0B206600F37668 /* AppDelegate.h */ = {isa = PBXFileReference; lastKnownFileType = sourcecode.c.h; path = AppDelegate.h; sourceTree = "<group>"; };
		C36C41391A0B206600F37668 /* AppDelegate.m */ = {isa = PBXFileReference; lastKnownFileType = sourcecode.c.objc; path = AppDelegate.m; sourceTree = "<group>"; };
		C36C413B1A0B206600F37668 /* LoginViewController.h */ = {isa = PBXFileReference; lastKnownFileType = sourcecode.c.h; path = LoginViewController.h; sourceTree = "<group>"; };
		C36C413C1A0B206600F37668 /* LoginViewController.m */ = {isa = PBXFileReference; lastKnownFileType = sourcecode.c.objc; path = LoginViewController.m; sourceTree = "<group>"; };
		C36C413F1A0B206600F37668 /* Base */ = {isa = PBXFileReference; lastKnownFileType = file.storyboard; name = Base; path = Base.lproj/Main.storyboard; sourceTree = "<group>"; };
		C36C41411A0B206600F37668 /* Images.xcassets */ = {isa = PBXFileReference; lastKnownFileType = folder.assetcatalog; path = Images.xcassets; sourceTree = "<group>"; };
		C36C41441A0B206600F37668 /* Base */ = {isa = PBXFileReference; lastKnownFileType = file.xib; name = Base; path = Base.lproj/LaunchScreen.xib; sourceTree = "<group>"; };
		C36C414A1A0B206600F37668 /* Whos HungryTests.xctest */ = {isa = PBXFileReference; explicitFileType = wrapper.cfbundle; includeInIndex = 0; path = "Whos HungryTests.xctest"; sourceTree = BUILT_PRODUCTS_DIR; };
		C36C414F1A0B206600F37668 /* Info.plist */ = {isa = PBXFileReference; lastKnownFileType = text.plist.xml; path = Info.plist; sourceTree = "<group>"; };
		C36C41501A0B206600F37668 /* Whos_HungryTests.m */ = {isa = PBXFileReference; lastKnownFileType = sourcecode.c.objc; path = Whos_HungryTests.m; sourceTree = "<group>"; };
		C36C415A1A0B231B00F37668 /* MainViewController.h */ = {isa = PBXFileReference; fileEncoding = 4; lastKnownFileType = sourcecode.c.h; path = MainViewController.h; sourceTree = "<group>"; };
		C36C415B1A0B231B00F37668 /* MainViewController.m */ = {isa = PBXFileReference; fileEncoding = 4; lastKnownFileType = sourcecode.c.objc; path = MainViewController.m; sourceTree = "<group>"; };
		C36C415D1A0B232600F37668 /* MapViewController.h */ = {isa = PBXFileReference; fileEncoding = 4; lastKnownFileType = sourcecode.c.h; path = MapViewController.h; sourceTree = "<group>"; };
		C36C415E1A0B232600F37668 /* MapViewController.m */ = {isa = PBXFileReference; fileEncoding = 4; lastKnownFileType = sourcecode.c.objc; path = MapViewController.m; sourceTree = "<group>"; };
		C36C41601A0B233900F37668 /* LobbyViewController.h */ = {isa = PBXFileReference; fileEncoding = 4; lastKnownFileType = sourcecode.c.h; path = LobbyViewController.h; sourceTree = "<group>"; };
		C36C41611A0B233900F37668 /* LobbyViewController.m */ = {isa = PBXFileReference; fileEncoding = 4; lastKnownFileType = sourcecode.c.objc; path = LobbyViewController.m; sourceTree = "<group>"; };
		C36C41631A0B234200F37668 /* SummaryViewController.h */ = {isa = PBXFileReference; fileEncoding = 4; lastKnownFileType = sourcecode.c.h; path = SummaryViewController.h; sourceTree = "<group>"; };
		C36C41641A0B234200F37668 /* SummaryViewController.m */ = {isa = PBXFileReference; fileEncoding = 4; lastKnownFileType = sourcecode.c.objc; path = SummaryViewController.m; sourceTree = "<group>"; };
		C36C41661A0B235300F37668 /* VoteViewController.h */ = {isa = PBXFileReference; fileEncoding = 4; lastKnownFileType = sourcecode.c.h; path = VoteViewController.h; sourceTree = "<group>"; };
		C36C41671A0B235300F37668 /* VoteViewController.m */ = {isa = PBXFileReference; fileEncoding = 4; lastKnownFileType = sourcecode.c.objc; path = VoteViewController.m; sourceTree = "<group>"; };
/* End PBXFileReference section */

/* Begin PBXFrameworksBuildPhase section */
		C36C412E1A0B206600F37668 /* Frameworks */ = {
			isa = PBXFrameworksBuildPhase;
			buildActionMask = 2147483647;
			files = (
			);
			runOnlyForDeploymentPostprocessing = 0;
		};
		C36C41471A0B206600F37668 /* Frameworks */ = {
			isa = PBXFrameworksBuildPhase;
			buildActionMask = 2147483647;
			files = (
			);
			runOnlyForDeploymentPostprocessing = 0;
		};
/* End PBXFrameworksBuildPhase section */

/* Begin PBXGroup section */
		C36C41281A0B206600F37668 = {
			isa = PBXGroup;
			children = (
				C36C41331A0B206600F37668 /* Whos Hungry */,
				C36C414D1A0B206600F37668 /* Whos HungryTests */,
				C36C41321A0B206600F37668 /* Products */,
			);
			sourceTree = "<group>";
		};
		C36C41321A0B206600F37668 /* Products */ = {
			isa = PBXGroup;
			children = (
				C36C41311A0B206600F37668 /* Whos Hungry.app */,
				C36C414A1A0B206600F37668 /* Whos HungryTests.xctest */,
			);
			name = Products;
			sourceTree = "<group>";
		};
		C36C41331A0B206600F37668 /* Whos Hungry */ = {
			isa = PBXGroup;
			children = (
				C36C41381A0B206600F37668 /* AppDelegate.h */,
				C36C41391A0B206600F37668 /* AppDelegate.m */,
				C36C413B1A0B206600F37668 /* LoginViewController.h */,
				C36C413C1A0B206600F37668 /* LoginViewController.m */,
				C36C413E1A0B206600F37668 /* Main.storyboard */,
				C36C41601A0B233900F37668 /* LobbyViewController.h */,
				C36C41611A0B233900F37668 /* LobbyViewController.m */,
				C36C41631A0B234200F37668 /* SummaryViewController.h */,
				C36C41641A0B234200F37668 /* SummaryViewController.m */,
				C36C41661A0B235300F37668 /* VoteViewController.h */,
				C36C41671A0B235300F37668 /* VoteViewController.m */,
				C36C415A1A0B231B00F37668 /* MainViewController.h */,
				C36C415B1A0B231B00F37668 /* MainViewController.m */,
				C36C415D1A0B232600F37668 /* MapViewController.h */,
				C36C415E1A0B232600F37668 /* MapViewController.m */,
				C36C41411A0B206600F37668 /* Images.xcassets */,
				C36C41431A0B206600F37668 /* LaunchScreen.xib */,
				C36C41341A0B206600F37668 /* Supporting Files */,
			);
			path = "Whos Hungry";
			sourceTree = "<group>";
		};
		C36C41341A0B206600F37668 /* Supporting Files */ = {
			isa = PBXGroup;
			children = (
				C36C41351A0B206600F37668 /* Info.plist */,
				C36C41361A0B206600F37668 /* main.m */,
			);
			name = "Supporting Files";
			sourceTree = "<group>";
		};
		C36C414D1A0B206600F37668 /* Whos HungryTests */ = {
			isa = PBXGroup;
			children = (
				C36C41501A0B206600F37668 /* Whos_HungryTests.m */,
				C36C414E1A0B206600F37668 /* Supporting Files */,
			);
			path = "Whos HungryTests";
			sourceTree = "<group>";
		};
		C36C414E1A0B206600F37668 /* Supporting Files */ = {
			isa = PBXGroup;
			children = (
				C36C414F1A0B206600F37668 /* Info.plist */,
			);
			name = "Supporting Files";
			sourceTree = "<group>";
		};
/* End PBXGroup section */

/* Begin PBXNativeTarget section */
		C36C41301A0B206600F37668 /* Whos Hungry */ = {
			isa = PBXNativeTarget;
			buildConfigurationList = C36C41541A0B206600F37668 /* Build configuration list for PBXNativeTarget "Whos Hungry" */;
			buildPhases = (
				C36C412D1A0B206600F37668 /* Sources */,
				C36C412E1A0B206600F37668 /* Frameworks */,
				C36C412F1A0B206600F37668 /* Resources */,
			);
			buildRules = (
			);
			dependencies = (
			);
			name = "Whos Hungry";
			productName = "Whos Hungry";
			productReference = C36C41311A0B206600F37668 /* Whos Hungry.app */;
			productType = "com.apple.product-type.application";
		};
		C36C41491A0B206600F37668 /* Whos HungryTests */ = {
			isa = PBXNativeTarget;
			buildConfigurationList = C36C41571A0B206600F37668 /* Build configuration list for PBXNativeTarget "Whos HungryTests" */;
			buildPhases = (
				C36C41461A0B206600F37668 /* Sources */,
				C36C41471A0B206600F37668 /* Frameworks */,
				C36C41481A0B206600F37668 /* Resources */,
			);
			buildRules = (
			);
			dependencies = (
				C36C414C1A0B206600F37668 /* PBXTargetDependency */,
			);
			name = "Whos HungryTests";
			productName = "Whos HungryTests";
			productReference = C36C414A1A0B206600F37668 /* Whos HungryTests.xctest */;
			productType = "com.apple.product-type.bundle.unit-test";
		};
/* End PBXNativeTarget section */

/* Begin PBXProject section */
		C36C41291A0B206600F37668 /* Project object */ = {
			isa = PBXProject;
			attributes = {
				LastUpgradeCheck = 0610;
				ORGANIZATIONNAME = WHK;
				TargetAttributes = {
					C36C41301A0B206600F37668 = {
						CreatedOnToolsVersion = 6.1;
					};
					C36C41491A0B206600F37668 = {
						CreatedOnToolsVersion = 6.1;
						TestTargetID = C36C41301A0B206600F37668;
					};
				};
			};
			buildConfigurationList = C36C412C1A0B206600F37668 /* Build configuration list for PBXProject "Whos Hungry" */;
			compatibilityVersion = "Xcode 3.2";
			developmentRegion = English;
			hasScannedForEncodings = 0;
			knownRegions = (
				en,
				Base,
			);
			mainGroup = C36C41281A0B206600F37668;
			productRefGroup = C36C41321A0B206600F37668 /* Products */;
			projectDirPath = "";
			projectRoot = "";
			targets = (
				C36C41301A0B206600F37668 /* Whos Hungry */,
				C36C41491A0B206600F37668 /* Whos HungryTests */,
			);
		};
/* End PBXProject section */

/* Begin PBXResourcesBuildPhase section */
		C36C412F1A0B206600F37668 /* Resources */ = {
			isa = PBXResourcesBuildPhase;
			buildActionMask = 2147483647;
			files = (
				C36C41401A0B206600F37668 /* Main.storyboard in Resources */,
				C36C41451A0B206600F37668 /* LaunchScreen.xib in Resources */,
				C36C41421A0B206600F37668 /* Images.xcassets in Resources */,
			);
			runOnlyForDeploymentPostprocessing = 0;
		};
		C36C41481A0B206600F37668 /* Resources */ = {
			isa = PBXResourcesBuildPhase;
			buildActionMask = 2147483647;
			files = (
			);
			runOnlyForDeploymentPostprocessing = 0;
		};
/* End PBXResourcesBuildPhase section */

/* Begin PBXSourcesBuildPhase section */
		C36C412D1A0B206600F37668 /* Sources */ = {
			isa = PBXSourcesBuildPhase;
			buildActionMask = 2147483647;
			files = (
				C36C413D1A0B206600F37668 /* LoginViewController.m in Sources */,
				C36C413A1A0B206600F37668 /* AppDelegate.m in Sources */,
				C36C415F1A0B232600F37668 /* MapViewController.m in Sources */,
				C36C41371A0B206600F37668 /* main.m in Sources */,
				C36C41681A0B235300F37668 /* VoteViewController.m in Sources */,
				C36C415C1A0B231B00F37668 /* MainViewController.m in Sources */,
				C36C41621A0B233900F37668 /* LobbyViewController.m in Sources */,
				C36C41651A0B234200F37668 /* SummaryViewController.m in Sources */,
			);
			runOnlyForDeploymentPostprocessing = 0;
		};
		C36C41461A0B206600F37668 /* Sources */ = {
			isa = PBXSourcesBuildPhase;
			buildActionMask = 2147483647;
			files = (
				C36C41511A0B206600F37668 /* Whos_HungryTests.m in Sources */,
			);
			runOnlyForDeploymentPostprocessing = 0;
		};
/* End PBXSourcesBuildPhase section */

/* Begin PBXTargetDependency section */
		C36C414C1A0B206600F37668 /* PBXTargetDependency */ = {
			isa = PBXTargetDependency;
			target = C36C41301A0B206600F37668 /* Whos Hungry */;
			targetProxy = C36C414B1A0B206600F37668 /* PBXContainerItemProxy */;
		};
/* End PBXTargetDependency section */

/* Begin PBXVariantGroup section */
		C36C413E1A0B206600F37668 /* Main.storyboard */ = {
			isa = PBXVariantGroup;
			children = (
				C36C413F1A0B206600F37668 /* Base */,
			);
			name = Main.storyboard;
			sourceTree = "<group>";
		};
		C36C41431A0B206600F37668 /* LaunchScreen.xib */ = {
			isa = PBXVariantGroup;
			children = (
				C36C41441A0B206600F37668 /* Base */,
			);
			name = LaunchScreen.xib;
			sourceTree = "<group>";
		};
/* End PBXVariantGroup section */

/* Begin XCBuildConfiguration section */
		C36C41521A0B206600F37668 /* Debug */ = {
			isa = XCBuildConfiguration;
			buildSettings = {
				ALWAYS_SEARCH_USER_PATHS = NO;
				CLANG_CXX_LANGUAGE_STANDARD = "gnu++0x";
				CLANG_CXX_LIBRARY = "libc++";
				CLANG_ENABLE_MODULES = YES;
				CLANG_ENABLE_OBJC_ARC = YES;
				CLANG_WARN_BOOL_CONVERSION = YES;
				CLANG_WARN_CONSTANT_CONVERSION = YES;
				CLANG_WARN_DIRECT_OBJC_ISA_USAGE = YES_ERROR;
				CLANG_WARN_EMPTY_BODY = YES;
				CLANG_WARN_ENUM_CONVERSION = YES;
				CLANG_WARN_INT_CONVERSION = YES;
				CLANG_WARN_OBJC_ROOT_CLASS = YES_ERROR;
				CLANG_WARN_UNREACHABLE_CODE = YES;
				CLANG_WARN__DUPLICATE_METHOD_MATCH = YES;
				"CODE_SIGN_IDENTITY[sdk=iphoneos*]" = "iPhone Developer";
				COPY_PHASE_STRIP = NO;
				ENABLE_STRICT_OBJC_MSGSEND = YES;
				GCC_C_LANGUAGE_STANDARD = gnu99;
				GCC_DYNAMIC_NO_PIC = NO;
				GCC_OPTIMIZATION_LEVEL = 0;
				GCC_PREPROCESSOR_DEFINITIONS = (
					"DEBUG=1",
					"$(inherited)",
				);
				GCC_SYMBOLS_PRIVATE_EXTERN = NO;
				GCC_WARN_64_TO_32_BIT_CONVERSION = YES;
				GCC_WARN_ABOUT_RETURN_TYPE = YES_ERROR;
				GCC_WARN_UNDECLARED_SELECTOR = YES;
				GCC_WARN_UNINITIALIZED_AUTOS = YES_AGGRESSIVE;
				GCC_WARN_UNUSED_FUNCTION = YES;
				GCC_WARN_UNUSED_VARIABLE = YES;
				IPHONEOS_DEPLOYMENT_TARGET = 8.1;
				MTL_ENABLE_DEBUG_INFO = YES;
				ONLY_ACTIVE_ARCH = YES;
				SDKROOT = iphoneos;
				TARGETED_DEVICE_FAMILY = "1,2";
			};
			name = Debug;
		};
		C36C41531A0B206600F37668 /* Release */ = {
			isa = XCBuildConfiguration;
			buildSettings = {
				ALWAYS_SEARCH_USER_PATHS = NO;
				CLANG_CXX_LANGUAGE_STANDARD = "gnu++0x";
				CLANG_CXX_LIBRARY = "libc++";
				CLANG_ENABLE_MODULES = YES;
				CLANG_ENABLE_OBJC_ARC = YES;
				CLANG_WARN_BOOL_CONVERSION = YES;
				CLANG_WARN_CONSTANT_CONVERSION = YES;
				CLANG_WARN_DIRECT_OBJC_ISA_USAGE = YES_ERROR;
				CLANG_WARN_EMPTY_BODY = YES;
				CLANG_WARN_ENUM_CONVERSION = YES;
				CLANG_WARN_INT_CONVERSION = YES;
				CLANG_WARN_OBJC_ROOT_CLASS = YES_ERROR;
				CLANG_WARN_UNREACHABLE_CODE = YES;
				CLANG_WARN__DUPLICATE_METHOD_MATCH = YES;
				"CODE_SIGN_IDENTITY[sdk=iphoneos*]" = "iPhone Developer";
				COPY_PHASE_STRIP = YES;
				ENABLE_NS_ASSERTIONS = NO;
				ENABLE_STRICT_OBJC_MSGSEND = YES;
				GCC_C_LANGUAGE_STANDARD = gnu99;
				GCC_WARN_64_TO_32_BIT_CONVERSION = YES;
				GCC_WARN_ABOUT_RETURN_TYPE = YES_ERROR;
				GCC_WARN_UNDECLARED_SELECTOR = YES;
				GCC_WARN_UNINITIALIZED_AUTOS = YES_AGGRESSIVE;
				GCC_WARN_UNUSED_FUNCTION = YES;
				GCC_WARN_UNUSED_VARIABLE = YES;
				IPHONEOS_DEPLOYMENT_TARGET = 8.1;
				MTL_ENABLE_DEBUG_INFO = NO;
				SDKROOT = iphoneos;
				TARGETED_DEVICE_FAMILY = "1,2";
				VALIDATE_PRODUCT = YES;
			};
			name = Release;
		};
		C36C41551A0B206600F37668 /* Debug */ = {
			isa = XCBuildConfiguration;
			buildSettings = {
				ASSETCATALOG_COMPILER_APPICON_NAME = AppIcon;
				INFOPLIST_FILE = "Whos Hungry/Info.plist";
				LD_RUNPATH_SEARCH_PATHS = "$(inherited) @executable_path/Frameworks";
				PRODUCT_NAME = "$(TARGET_NAME)";
			};
			name = Debug;
		};
		C36C41561A0B206600F37668 /* Release */ = {
			isa = XCBuildConfiguration;
			buildSettings = {
				ASSETCATALOG_COMPILER_APPICON_NAME = AppIcon;
				INFOPLIST_FILE = "Whos Hungry/Info.plist";
				LD_RUNPATH_SEARCH_PATHS = "$(inherited) @executable_path/Frameworks";
				PRODUCT_NAME = "$(TARGET_NAME)";
			};
			name = Release;
		};
		C36C41581A0B206600F37668 /* Debug */ = {
			isa = XCBuildConfiguration;
			buildSettings = {
				BUNDLE_LOADER = "$(TEST_HOST)";
				FRAMEWORK_SEARCH_PATHS = (
					"$(SDKROOT)/Developer/Library/Frameworks",
					"$(inherited)",
				);
				GCC_PREPROCESSOR_DEFINITIONS = (
					"DEBUG=1",
					"$(inherited)",
				);
				INFOPLIST_FILE = "Whos HungryTests/Info.plist";
				LD_RUNPATH_SEARCH_PATHS = "$(inherited) @executable_path/Frameworks @loader_path/Frameworks";
				PRODUCT_NAME = "$(TARGET_NAME)";
				TEST_HOST = "$(BUILT_PRODUCTS_DIR)/Whos Hungry.app/Whos Hungry";
			};
			name = Debug;
		};
		C36C41591A0B206600F37668 /* Release */ = {
			isa = XCBuildConfiguration;
			buildSettings = {
				BUNDLE_LOADER = "$(TEST_HOST)";
				FRAMEWORK_SEARCH_PATHS = (
					"$(SDKROOT)/Developer/Library/Frameworks",
					"$(inherited)",
				);
				INFOPLIST_FILE = "Whos HungryTests/Info.plist";
				LD_RUNPATH_SEARCH_PATHS = "$(inherited) @executable_path/Frameworks @loader_path/Frameworks";
				PRODUCT_NAME = "$(TARGET_NAME)";
				TEST_HOST = "$(BUILT_PRODUCTS_DIR)/Whos Hungry.app/Whos Hungry";
			};
			name = Release;
		};
/* End XCBuildConfiguration section */

/* Begin XCConfigurationList section */
		C36C412C1A0B206600F37668 /* Build configuration list for PBXProject "Whos Hungry" */ = {
			isa = XCConfigurationList;
			buildConfigurations = (
				C36C41521A0B206600F37668 /* Debug */,
				C36C41531A0B206600F37668 /* Release */,
			);
			defaultConfigurationIsVisible = 0;
			defaultConfigurationName = Release;
		};
		C36C41541A0B206600F37668 /* Build configuration list for PBXNativeTarget "Whos Hungry" */ = {
			isa = XCConfigurationList;
			buildConfigurations = (
				C36C41551A0B206600F37668 /* Debug */,
				C36C41561A0B206600F37668 /* Release */,
			);
			defaultConfigurationIsVisible = 0;
		};
		C36C41571A0B206600F37668 /* Build configuration list for PBXNativeTarget "Whos HungryTests" */ = {
			isa = XCConfigurationList;
			buildConfigurations = (
				C36C41581A0B206600F37668 /* Debug */,
				C36C41591A0B206600F37668 /* Release */,
			);
			defaultConfigurationIsVisible = 0;
		};
/* End XCConfigurationList section */
	};
	rootObject = C36C41291A0B206600F37668 /* Project object */;
}
