// !$*UTF8*$!
{
	archiveVersion = 1;
	classes = {
	};
	objectVersion = 46;
	objects = {

/* Begin PBXBuildFile section */
		1B0ED5191A1544EE00639614 /* updownvote.xib in Resources */ = {isa = PBXBuildFile; fileRef = 1B0ED5181A1544EE00639614 /* updownvote.xib */; };
		1B0ED51C1A15459A00639614 /* downvote.png in Resources */ = {isa = PBXBuildFile; fileRef = 1B0ED51A1A15459A00639614 /* downvote.png */; };
		1B0ED51D1A15459A00639614 /* upvote.png in Resources */ = {isa = PBXBuildFile; fileRef = 1B0ED51B1A15459A00639614 /* upvote.png */; };
		1B0ED5201A15485100639614 /* UpDownVoteView.m in Sources */ = {isa = PBXBuildFile; fileRef = 1B0ED51F1A15485100639614 /* UpDownVoteView.m */; };
		1B9713B41A0B32F700A2F46E /* Parse.framework in Frameworks */ = {isa = PBXBuildFile; fileRef = 1B9713B21A0B32F700A2F46E /* Parse.framework */; };
		1B9713B51A0B32F700A2F46E /* ParseFacebookUtils.framework in Frameworks */ = {isa = PBXBuildFile; fileRef = 1B9713B31A0B32F700A2F46E /* ParseFacebookUtils.framework */; };
		1B9713B71A0B330C00A2F46E /* AudioToolbox.framework in Frameworks */ = {isa = PBXBuildFile; fileRef = 1B9713B61A0B330C00A2F46E /* AudioToolbox.framework */; };
		1B9713B91A0B331400A2F46E /* CFNetwork.framework in Frameworks */ = {isa = PBXBuildFile; fileRef = 1B9713B81A0B331400A2F46E /* CFNetwork.framework */; };
		1B9713BB1A0B331C00A2F46E /* CoreGraphics.framework in Frameworks */ = {isa = PBXBuildFile; fileRef = 1B9713BA1A0B331C00A2F46E /* CoreGraphics.framework */; };
		1B9713BD1A0B332400A2F46E /* CoreLocation.framework in Frameworks */ = {isa = PBXBuildFile; fileRef = 1B9713BC1A0B332400A2F46E /* CoreLocation.framework */; };
		1B9713BF1A0B332D00A2F46E /* libz.dylib in Frameworks */ = {isa = PBXBuildFile; fileRef = 1B9713BE1A0B332D00A2F46E /* libz.dylib */; };
		1B9713C11A0B333400A2F46E /* MobileCoreServices.framework in Frameworks */ = {isa = PBXBuildFile; fileRef = 1B9713C01A0B333400A2F46E /* MobileCoreServices.framework */; };
		1B9713C31A0B333C00A2F46E /* QuartzCore.framework in Frameworks */ = {isa = PBXBuildFile; fileRef = 1B9713C21A0B333C00A2F46E /* QuartzCore.framework */; };
		1B9713C51A0B334200A2F46E /* Security.framework in Frameworks */ = {isa = PBXBuildFile; fileRef = 1B9713C41A0B334200A2F46E /* Security.framework */; };
		1B9713C91A0B335300A2F46E /* SystemConfiguration.framework in Frameworks */ = {isa = PBXBuildFile; fileRef = 1B9713C81A0B335300A2F46E /* SystemConfiguration.framework */; };
		1B9713D11A0B362700A2F46E /* AustinLocation.gpx in Resources */ = {isa = PBXBuildFile; fileRef = 1B9713CB1A0B362700A2F46E /* AustinLocation.gpx */; };
		1B9713D21A0B362700A2F46E /* login-button-small-pressed.png in Resources */ = {isa = PBXBuildFile; fileRef = 1B9713CC1A0B362700A2F46E /* login-button-small-pressed.png */; };
		1B9713D31A0B362700A2F46E /* login-button-small-pressed@2x.png in Resources */ = {isa = PBXBuildFile; fileRef = 1B9713CD1A0B362700A2F46E /* login-button-small-pressed@2x.png */; };
		1B9713D41A0B362700A2F46E /* login-button-small.png in Resources */ = {isa = PBXBuildFile; fileRef = 1B9713CE1A0B362700A2F46E /* login-button-small.png */; };
		1B9713D51A0B362700A2F46E /* login-button-small@2x.png in Resources */ = {isa = PBXBuildFile; fileRef = 1B9713CF1A0B362700A2F46E /* login-button-small@2x.png */; };
		1B9713D61A0B362700A2F46E /* owlintro.png in Resources */ = {isa = PBXBuildFile; fileRef = 1B9713D01A0B362700A2F46E /* owlintro.png */; };
		1B9713D81A0B365100A2F46E /* final login image.png in Resources */ = {isa = PBXBuildFile; fileRef = 1B9713D71A0B365100A2F46E /* final login image.png */; };
		1B9713DC1A0B3A8E00A2F46E /* UIImage+Resize.m in Sources */ = {isa = PBXBuildFile; fileRef = 1B9713DB1A0B3A8E00A2F46E /* UIImage+Resize.m */; };
		1BD42CF21A212780008796F9 /* RSVPFriendsTableViewCell.m in Sources */ = {isa = PBXBuildFile; fileRef = 1BD42CF01A212780008796F9 /* RSVPFriendsTableViewCell.m */; };
		1BD42CF31A212780008796F9 /* RSVPFriendsTableViewCell.xib in Resources */ = {isa = PBXBuildFile; fileRef = 1BD42CF11A212780008796F9 /* RSVPFriendsTableViewCell.xib */; };
		1BD42CF51A213206008796F9 /* bae5.jpeg in Resources */ = {isa = PBXBuildFile; fileRef = 1BD42CF41A213206008796F9 /* bae5.jpeg */; };
		1BD42CF71A21353D008796F9 /* rightarrow.png in Resources */ = {isa = PBXBuildFile; fileRef = 1BD42CF61A21353D008796F9 /* rightarrow.png */; };
		1BD7007F1A2115F000D32F95 /* bae2.jpg in Resources */ = {isa = PBXBuildFile; fileRef = 1BD7007B1A2115F000D32F95 /* bae2.jpg */; };
		1BD700801A2115F000D32F95 /* bae3.jpeg in Resources */ = {isa = PBXBuildFile; fileRef = 1BD7007C1A2115F000D32F95 /* bae3.jpeg */; };
		1BD700811A2115F000D32F95 /* bae4.jpg in Resources */ = {isa = PBXBuildFile; fileRef = 1BD7007D1A2115F000D32F95 /* bae4.jpg */; };
		1BD7009B1A211C1A00D32F95 /* check@2x.png in Resources */ = {isa = PBXBuildFile; fileRef = 1BD700971A211C1A00D32F95 /* check@2x.png */; };
		1BD7009C1A211C1A00D32F95 /* clock@2x.png in Resources */ = {isa = PBXBuildFile; fileRef = 1BD700981A211C1A00D32F95 /* clock@2x.png */; };
		1BD7009D1A211C1A00D32F95 /* cross@2x.png in Resources */ = {isa = PBXBuildFile; fileRef = 1BD700991A211C1A00D32F95 /* cross@2x.png */; };
		1BD7009E1A211C1A00D32F95 /* list@2x.png in Resources */ = {isa = PBXBuildFile; fileRef = 1BD7009A1A211C1A00D32F95 /* list@2x.png */; };
		1BD700AB1A211E5D00D32F95 /* NSMutableArray+SWUtilityButtons.m in Sources */ = {isa = PBXBuildFile; fileRef = 1BD700A01A211E5D00D32F95 /* NSMutableArray+SWUtilityButtons.m */; };
		1BD700AC1A211E5D00D32F95 /* SWCellScrollView.m in Sources */ = {isa = PBXBuildFile; fileRef = 1BD700A21A211E5D00D32F95 /* SWCellScrollView.m */; };
		1BD700AD1A211E5D00D32F95 /* SWLongPressGestureRecognizer.m in Sources */ = {isa = PBXBuildFile; fileRef = 1BD700A41A211E5D00D32F95 /* SWLongPressGestureRecognizer.m */; };
		1BD700AE1A211E5D00D32F95 /* SWTableViewCell.m in Sources */ = {isa = PBXBuildFile; fileRef = 1BD700A61A211E5D00D32F95 /* SWTableViewCell.m */; };
		1BD700AF1A211E5D00D32F95 /* SWUtilityButtonTapGestureRecognizer.m in Sources */ = {isa = PBXBuildFile; fileRef = 1BD700A81A211E5D00D32F95 /* SWUtilityButtonTapGestureRecognizer.m */; };
		1BD700B01A211E5D00D32F95 /* SWUtilityButtonView.m in Sources */ = {isa = PBXBuildFile; fileRef = 1BD700AA1A211E5D00D32F95 /* SWUtilityButtonView.m */; };
		1BD830641A197CA6006F0789 /* final thumbnail.png in Resources */ = {isa = PBXBuildFile; fileRef = 1BD830631A197CA6006F0789 /* final thumbnail.png */; };
		1BD830661A19A9AB006F0789 /* owl.mp3 in Resources */ = {isa = PBXBuildFile; fileRef = 1BD830651A19A9AB006F0789 /* owl.mp3 */; };
		1BD830691A19C55D006F0789 /* owlsound.caf in Resources */ = {isa = PBXBuildFile; fileRef = 1BD830681A19C55D006F0789 /* owlsound.caf */; };
		1BED85A51A22657D0092C69E /* greenarrow.png in Resources */ = {isa = PBXBuildFile; fileRef = 1BED85A31A22657D0092C69E /* greenarrow.png */; };
		1BED85A61A22657D0092C69E /* redarrow.png in Resources */ = {isa = PBXBuildFile; fileRef = 1BED85A41A22657D0092C69E /* redarrow.png */; };
		1BED85AC1A22A1300092C69E /* logosquare.png in Resources */ = {isa = PBXBuildFile; fileRef = 1BED85AB1A22A1300092C69E /* logosquare.png */; };
		1BF5C4EB1A0EA751006D4D00 /* pencil.png in Resources */ = {isa = PBXBuildFile; fileRef = 1BF5C4EA1A0EA751006D4D00 /* pencil.png */; };
		1BF5C4ED1A0EACBE006D4D00 /* chiptole.png in Resources */ = {isa = PBXBuildFile; fileRef = 1BF5C4EC1A0EACBE006D4D00 /* chiptole.png */; };
		1BF5C4EF1A0EAD17006D4D00 /* nickcage.jpg in Resources */ = {isa = PBXBuildFile; fileRef = 1BF5C4EE1A0EAD17006D4D00 /* nickcage.jpg */; };
		1BF5C4F11A0EAD8D006D4D00 /* friendsicon.png in Resources */ = {isa = PBXBuildFile; fileRef = 1BF5C4F01A0EAD8D006D4D00 /* friendsicon.png */; };
		1BF5C6111A0EB7D0006D4D00 /* AFHTTPRequestOperation.m in Sources */ = {isa = PBXBuildFile; fileRef = 1BF5C5ED1A0EB7CF006D4D00 /* AFHTTPRequestOperation.m */; };
		1BF5C6121A0EB7D0006D4D00 /* AFHTTPRequestOperationManager.m in Sources */ = {isa = PBXBuildFile; fileRef = 1BF5C5EF1A0EB7CF006D4D00 /* AFHTTPRequestOperationManager.m */; };
		1BF5C6131A0EB7D0006D4D00 /* AFHTTPSessionManager.m in Sources */ = {isa = PBXBuildFile; fileRef = 1BF5C5F11A0EB7CF006D4D00 /* AFHTTPSessionManager.m */; };
		1BF5C6141A0EB7D0006D4D00 /* AFNetworkReachabilityManager.m in Sources */ = {isa = PBXBuildFile; fileRef = 1BF5C5F41A0EB7CF006D4D00 /* AFNetworkReachabilityManager.m */; };
		1BF5C6151A0EB7D0006D4D00 /* AFSecurityPolicy.m in Sources */ = {isa = PBXBuildFile; fileRef = 1BF5C5F61A0EB7CF006D4D00 /* AFSecurityPolicy.m */; };
		1BF5C6161A0EB7D0006D4D00 /* AFURLConnectionOperation.m in Sources */ = {isa = PBXBuildFile; fileRef = 1BF5C5F81A0EB7CF006D4D00 /* AFURLConnectionOperation.m */; };
		1BF5C6171A0EB7D0006D4D00 /* AFURLRequestSerialization.m in Sources */ = {isa = PBXBuildFile; fileRef = 1BF5C5FA1A0EB7CF006D4D00 /* AFURLRequestSerialization.m */; };
		1BF5C6181A0EB7D0006D4D00 /* AFURLResponseSerialization.m in Sources */ = {isa = PBXBuildFile; fileRef = 1BF5C5FC1A0EB7CF006D4D00 /* AFURLResponseSerialization.m */; };
		1BF5C6191A0EB7D0006D4D00 /* AFURLSessionManager.m in Sources */ = {isa = PBXBuildFile; fileRef = 1BF5C5FE1A0EB7D0006D4D00 /* AFURLSessionManager.m */; };
		1BF5C61A1A0EB7D0006D4D00 /* AFNetworkActivityIndicatorManager.m in Sources */ = {isa = PBXBuildFile; fileRef = 1BF5C6011A0EB7D0006D4D00 /* AFNetworkActivityIndicatorManager.m */; };
		1BF5C61B1A0EB7D0006D4D00 /* UIActivityIndicatorView+AFNetworking.m in Sources */ = {isa = PBXBuildFile; fileRef = 1BF5C6031A0EB7D0006D4D00 /* UIActivityIndicatorView+AFNetworking.m */; };
		1BF5C61C1A0EB7D0006D4D00 /* UIAlertView+AFNetworking.m in Sources */ = {isa = PBXBuildFile; fileRef = 1BF5C6051A0EB7D0006D4D00 /* UIAlertView+AFNetworking.m */; };
		1BF5C61D1A0EB7D0006D4D00 /* UIButton+AFNetworking.m in Sources */ = {isa = PBXBuildFile; fileRef = 1BF5C6071A0EB7D0006D4D00 /* UIButton+AFNetworking.m */; };
		1BF5C61E1A0EB7D0006D4D00 /* UIImageView+AFNetworking.m in Sources */ = {isa = PBXBuildFile; fileRef = 1BF5C6091A0EB7D0006D4D00 /* UIImageView+AFNetworking.m */; };
		1BF5C61F1A0EB7D0006D4D00 /* UIProgressView+AFNetworking.m in Sources */ = {isa = PBXBuildFile; fileRef = 1BF5C60C1A0EB7D0006D4D00 /* UIProgressView+AFNetworking.m */; };
		1BF5C6201A0EB7D0006D4D00 /* UIRefreshControl+AFNetworking.m in Sources */ = {isa = PBXBuildFile; fileRef = 1BF5C60E1A0EB7D0006D4D00 /* UIRefreshControl+AFNetworking.m */; };
		1BF5C6211A0EB7D0006D4D00 /* UIWebView+AFNetworking.m in Sources */ = {isa = PBXBuildFile; fileRef = 1BF5C6101A0EB7D0006D4D00 /* UIWebView+AFNetworking.m */; };
		1BF5C6261A0EDD42006D4D00 /* coffee.jpeg in Resources */ = {isa = PBXBuildFile; fileRef = 1BF5C6221A0EDD42006D4D00 /* coffee.jpeg */; };
		1BF5C6271A0EDD42006D4D00 /* dinner.png in Resources */ = {isa = PBXBuildFile; fileRef = 1BF5C6231A0EDD42006D4D00 /* dinner.png */; };
		1BF5C6281A0EDD42006D4D00 /* drinks.png in Resources */ = {isa = PBXBuildFile; fileRef = 1BF5C6241A0EDD42006D4D00 /* drinks.png */; };
		1BF5C6291A0EDD42006D4D00 /* lunch.gif in Resources */ = {isa = PBXBuildFile; fileRef = 1BF5C6251A0EDD42006D4D00 /* lunch.gif */; };
		1BF5C62E1A0EDEB6006D4D00 /* RestaurantCell.m in Sources */ = {isa = PBXBuildFile; fileRef = 1BF5C62B1A0EDEB6006D4D00 /* RestaurantCell.m */; };
		1BF5C62F1A0EDEB6006D4D00 /* RestaurantsViewController.m in Sources */ = {isa = PBXBuildFile; fileRef = 1BF5C62D1A0EDEB6006D4D00 /* RestaurantsViewController.m */; };
		1BF5C6341A0EEF83006D4D00 /* coffeePressed.jpeg in Resources */ = {isa = PBXBuildFile; fileRef = 1BF5C6301A0EEF83006D4D00 /* coffeePressed.jpeg */; };
		1BF5C6351A0EEF83006D4D00 /* dinnerPressed.jpeg in Resources */ = {isa = PBXBuildFile; fileRef = 1BF5C6311A0EEF83006D4D00 /* dinnerPressed.jpeg */; };
		1BF5C6361A0EEF83006D4D00 /* drinksPressed.png in Resources */ = {isa = PBXBuildFile; fileRef = 1BF5C6321A0EEF83006D4D00 /* drinksPressed.png */; };
		1BF5C6371A0EEF83006D4D00 /* lunchPressed.jpeg in Resources */ = {isa = PBXBuildFile; fileRef = 1BF5C6331A0EEF83006D4D00 /* lunchPressed.jpeg */; };
		1BF5C6391A0EF10B006D4D00 /* jennifer.jpg in Resources */ = {isa = PBXBuildFile; fileRef = 1BF5C6381A0EF10B006D4D00 /* jennifer.jpg */; };
		1BF5C63B1A0EF2A1006D4D00 /* chipotle.JPG in Resources */ = {isa = PBXBuildFile; fileRef = 1BF5C63A1A0EF2A1006D4D00 /* chipotle.JPG */; };
		1BF5C73C1A0F040C006D4D00 /* AbstractActionSheetPicker.m in Sources */ = {isa = PBXBuildFile; fileRef = 1BF5C72C1A0F040C006D4D00 /* AbstractActionSheetPicker.m */; };
		1BF5C73D1A0F040C006D4D00 /* ActionSheetCustomPicker.m in Sources */ = {isa = PBXBuildFile; fileRef = 1BF5C72E1A0F040C006D4D00 /* ActionSheetCustomPicker.m */; };
		1BF5C73E1A0F040C006D4D00 /* ActionSheetDatePicker.m in Sources */ = {isa = PBXBuildFile; fileRef = 1BF5C7311A0F040C006D4D00 /* ActionSheetDatePicker.m */; };
		1BF5C73F1A0F040C006D4D00 /* ActionSheetDistancePicker.m in Sources */ = {isa = PBXBuildFile; fileRef = 1BF5C7331A0F040C006D4D00 /* ActionSheetDistancePicker.m */; };
		1BF5C7401A0F040C006D4D00 /* ActionSheetLocalePicker.m in Sources */ = {isa = PBXBuildFile; fileRef = 1BF5C7351A0F040C006D4D00 /* ActionSheetLocalePicker.m */; };
		1BF5C7411A0F040C006D4D00 /* ActionSheetStringPicker.m in Sources */ = {isa = PBXBuildFile; fileRef = 1BF5C7371A0F040C006D4D00 /* ActionSheetStringPicker.m */; };
		1BF5C7421A0F040C006D4D00 /* DistancePickerView.m in Sources */ = {isa = PBXBuildFile; fileRef = 1BF5C7391A0F040C006D4D00 /* DistancePickerView.m */; };
		1BF5C7431A0F040C006D4D00 /* SWActionSheet.m in Sources */ = {isa = PBXBuildFile; fileRef = 1BF5C73B1A0F040C006D4D00 /* SWActionSheet.m */; };
		1BF5C7451A0F3FC9006D4D00 /* 02_blurred_backgrounds.jpg in Resources */ = {isa = PBXBuildFile; fileRef = 1BF5C7441A0F3FC9006D4D00 /* 02_blurred_backgrounds.jpg */; };
		1BF5C7471A0F4198006D4D00 /* thisguy.png in Resources */ = {isa = PBXBuildFile; fileRef = 1BF5C7461A0F4198006D4D00 /* thisguy.png */; };
		C313981A1A12EFF200DE18EC /* HootLobby.m in Sources */ = {isa = PBXBuildFile; fileRef = C31398191A12EFF200DE18EC /* HootLobby.m */; };
		C36C41371A0B206600F37668 /* main.m in Sources */ = {isa = PBXBuildFile; fileRef = C36C41361A0B206600F37668 /* main.m */; };
		C36C413A1A0B206600F37668 /* AppDelegate.m in Sources */ = {isa = PBXBuildFile; fileRef = C36C41391A0B206600F37668 /* AppDelegate.m */; };
		C36C413D1A0B206600F37668 /* LoginViewController.m in Sources */ = {isa = PBXBuildFile; fileRef = C36C413C1A0B206600F37668 /* LoginViewController.m */; };
		C36C41421A0B206600F37668 /* Images.xcassets in Resources */ = {isa = PBXBuildFile; fileRef = C36C41411A0B206600F37668 /* Images.xcassets */; };
		C36C41451A0B206600F37668 /* LaunchScreen.xib in Resources */ = {isa = PBXBuildFile; fileRef = C36C41431A0B206600F37668 /* LaunchScreen.xib */; };
		C36C41511A0B206600F37668 /* Whos_HungryTests.m in Sources */ = {isa = PBXBuildFile; fileRef = C36C41501A0B206600F37668 /* Whos_HungryTests.m */; };
		C36C415C1A0B231B00F37668 /* MainViewController.m in Sources */ = {isa = PBXBuildFile; fileRef = C36C415B1A0B231B00F37668 /* MainViewController.m */; };
		C36C415F1A0B232600F37668 /* MapViewController.m in Sources */ = {isa = PBXBuildFile; fileRef = C36C415E1A0B232600F37668 /* MapViewController.m */; };
		C36C41621A0B233900F37668 /* LobbyViewController.m in Sources */ = {isa = PBXBuildFile; fileRef = C36C41611A0B233900F37668 /* LobbyViewController.m */; };
		C36C41651A0B234200F37668 /* SummaryViewController.m in Sources */ = {isa = PBXBuildFile; fileRef = C36C41641A0B234200F37668 /* SummaryViewController.m */; };
		C36C416C1A0B2B7000F37668 /* HootGroupCell.m in Sources */ = {isa = PBXBuildFile; fileRef = C36C416A1A0B2B7000F37668 /* HootGroupCell.m */; };
		C36C416D1A0B2B7000F37668 /* HootGroupCell.xib in Resources */ = {isa = PBXBuildFile; fileRef = C36C416B1A0B2B7000F37668 /* HootGroupCell.xib */; };
		C36C416F1A0B3B3100F37668 /* FacebookSDK.framework in Frameworks */ = {isa = PBXBuildFile; fileRef = C36C416E1A0B3B3100F37668 /* FacebookSDK.framework */; };
		C36C41711A0B3DD800F37668 /* Main.storyboard in Resources */ = {isa = PBXBuildFile; fileRef = C36C41701A0B3DD800F37668 /* Main.storyboard */; };
/* End PBXBuildFile section */

/* Begin PBXContainerItemProxy section */
		C36C414B1A0B206600F37668 /* PBXContainerItemProxy */ = {
			isa = PBXContainerItemProxy;
			containerPortal = C36C41291A0B206600F37668 /* Project object */;
			proxyType = 1;
			remoteGlobalIDString = C36C41301A0B206600F37668;
			remoteInfo = "Whos Hungry";
		};
/* End PBXContainerItemProxy section */

/* Begin PBXFileReference section */
		1B0ED5181A1544EE00639614 /* updownvote.xib */ = {isa = PBXFileReference; fileEncoding = 4; lastKnownFileType = file.xib; path = updownvote.xib; sourceTree = "<group>"; };
		1B0ED51A1A15459A00639614 /* downvote.png */ = {isa = PBXFileReference; lastKnownFileType = image.png; path = downvote.png; sourceTree = "<group>"; };
		1B0ED51B1A15459A00639614 /* upvote.png */ = {isa = PBXFileReference; lastKnownFileType = image.png; path = upvote.png; sourceTree = "<group>"; };
		1B0ED51E1A15485100639614 /* UpDownVoteView.h */ = {isa = PBXFileReference; fileEncoding = 4; lastKnownFileType = sourcecode.c.h; path = UpDownVoteView.h; sourceTree = "<group>"; };
		1B0ED51F1A15485100639614 /* UpDownVoteView.m */ = {isa = PBXFileReference; fileEncoding = 4; lastKnownFileType = sourcecode.c.objc; path = UpDownVoteView.m; sourceTree = "<group>"; };
		1B9713B21A0B32F700A2F46E /* Parse.framework */ = {isa = PBXFileReference; lastKnownFileType = wrapper.framework; path = Parse.framework; sourceTree = "<group>"; };
		1B9713B31A0B32F700A2F46E /* ParseFacebookUtils.framework */ = {isa = PBXFileReference; lastKnownFileType = wrapper.framework; path = ParseFacebookUtils.framework; sourceTree = "<group>"; };
		1B9713B61A0B330C00A2F46E /* AudioToolbox.framework */ = {isa = PBXFileReference; lastKnownFileType = wrapper.framework; name = AudioToolbox.framework; path = System/Library/Frameworks/AudioToolbox.framework; sourceTree = SDKROOT; };
		1B9713B81A0B331400A2F46E /* CFNetwork.framework */ = {isa = PBXFileReference; lastKnownFileType = wrapper.framework; name = CFNetwork.framework; path = System/Library/Frameworks/CFNetwork.framework; sourceTree = SDKROOT; };
		1B9713BA1A0B331C00A2F46E /* CoreGraphics.framework */ = {isa = PBXFileReference; lastKnownFileType = wrapper.framework; name = CoreGraphics.framework; path = System/Library/Frameworks/CoreGraphics.framework; sourceTree = SDKROOT; };
		1B9713BC1A0B332400A2F46E /* CoreLocation.framework */ = {isa = PBXFileReference; lastKnownFileType = wrapper.framework; name = CoreLocation.framework; path = System/Library/Frameworks/CoreLocation.framework; sourceTree = SDKROOT; };
		1B9713BE1A0B332D00A2F46E /* libz.dylib */ = {isa = PBXFileReference; lastKnownFileType = "compiled.mach-o.dylib"; name = libz.dylib; path = usr/lib/libz.dylib; sourceTree = SDKROOT; };
		1B9713C01A0B333400A2F46E /* MobileCoreServices.framework */ = {isa = PBXFileReference; lastKnownFileType = wrapper.framework; name = MobileCoreServices.framework; path = System/Library/Frameworks/MobileCoreServices.framework; sourceTree = SDKROOT; };
		1B9713C21A0B333C00A2F46E /* QuartzCore.framework */ = {isa = PBXFileReference; lastKnownFileType = wrapper.framework; name = QuartzCore.framework; path = System/Library/Frameworks/QuartzCore.framework; sourceTree = SDKROOT; };
		1B9713C41A0B334200A2F46E /* Security.framework */ = {isa = PBXFileReference; lastKnownFileType = wrapper.framework; name = Security.framework; path = System/Library/Frameworks/Security.framework; sourceTree = SDKROOT; };
		1B9713C81A0B335300A2F46E /* SystemConfiguration.framework */ = {isa = PBXFileReference; lastKnownFileType = wrapper.framework; name = SystemConfiguration.framework; path = System/Library/Frameworks/SystemConfiguration.framework; sourceTree = SDKROOT; };
		1B9713CB1A0B362700A2F46E /* AustinLocation.gpx */ = {isa = PBXFileReference; fileEncoding = 4; lastKnownFileType = text.xml; path = AustinLocation.gpx; sourceTree = "<group>"; };
		1B9713CC1A0B362700A2F46E /* login-button-small-pressed.png */ = {isa = PBXFileReference; lastKnownFileType = image.png; path = "login-button-small-pressed.png"; sourceTree = "<group>"; };
		1B9713CD1A0B362700A2F46E /* login-button-small-pressed@2x.png */ = {isa = PBXFileReference; lastKnownFileType = image.png; path = "login-button-small-pressed@2x.png"; sourceTree = "<group>"; };
		1B9713CE1A0B362700A2F46E /* login-button-small.png */ = {isa = PBXFileReference; lastKnownFileType = image.png; path = "login-button-small.png"; sourceTree = "<group>"; };
		1B9713CF1A0B362700A2F46E /* login-button-small@2x.png */ = {isa = PBXFileReference; lastKnownFileType = image.png; path = "login-button-small@2x.png"; sourceTree = "<group>"; };
		1B9713D01A0B362700A2F46E /* owlintro.png */ = {isa = PBXFileReference; lastKnownFileType = image.png; path = owlintro.png; sourceTree = "<group>"; };
		1B9713D71A0B365100A2F46E /* final login image.png */ = {isa = PBXFileReference; lastKnownFileType = image.png; path = "final login image.png"; sourceTree = "<group>"; };
		1B9713DA1A0B3A8E00A2F46E /* UIImage+Resize.h */ = {isa = PBXFileReference; fileEncoding = 4; lastKnownFileType = sourcecode.c.h; path = "UIImage+Resize.h"; sourceTree = "<group>"; };
		1B9713DB1A0B3A8E00A2F46E /* UIImage+Resize.m */ = {isa = PBXFileReference; fileEncoding = 4; lastKnownFileType = sourcecode.c.objc; path = "UIImage+Resize.m"; sourceTree = "<group>"; };
		1BD42CEF1A212780008796F9 /* RSVPFriendsTableViewCell.h */ = {isa = PBXFileReference; fileEncoding = 4; lastKnownFileType = sourcecode.c.h; path = RSVPFriendsTableViewCell.h; sourceTree = "<group>"; };
		1BD42CF01A212780008796F9 /* RSVPFriendsTableViewCell.m */ = {isa = PBXFileReference; fileEncoding = 4; lastKnownFileType = sourcecode.c.objc; path = RSVPFriendsTableViewCell.m; sourceTree = "<group>"; };
		1BD42CF11A212780008796F9 /* RSVPFriendsTableViewCell.xib */ = {isa = PBXFileReference; fileEncoding = 4; lastKnownFileType = file.xib; path = RSVPFriendsTableViewCell.xib; sourceTree = "<group>"; };
		1BD42CF41A213206008796F9 /* bae5.jpeg */ = {isa = PBXFileReference; lastKnownFileType = image.jpeg; path = bae5.jpeg; sourceTree = "<group>"; };
		1BD42CF61A21353D008796F9 /* rightarrow.png */ = {isa = PBXFileReference; lastKnownFileType = image.png; path = rightarrow.png; sourceTree = "<group>"; };
		1BD7007B1A2115F000D32F95 /* bae2.jpg */ = {isa = PBXFileReference; lastKnownFileType = image.jpeg; path = bae2.jpg; sourceTree = "<group>"; };
		1BD7007C1A2115F000D32F95 /* bae3.jpeg */ = {isa = PBXFileReference; lastKnownFileType = image.jpeg; path = bae3.jpeg; sourceTree = "<group>"; };
		1BD7007D1A2115F000D32F95 /* bae4.jpg */ = {isa = PBXFileReference; lastKnownFileType = image.jpeg; path = bae4.jpg; sourceTree = "<group>"; };
		1BD700971A211C1A00D32F95 /* check@2x.png */ = {isa = PBXFileReference; lastKnownFileType = image.png; path = "check@2x.png"; sourceTree = "<group>"; };
		1BD700981A211C1A00D32F95 /* clock@2x.png */ = {isa = PBXFileReference; lastKnownFileType = image.png; path = "clock@2x.png"; sourceTree = "<group>"; };
		1BD700991A211C1A00D32F95 /* cross@2x.png */ = {isa = PBXFileReference; lastKnownFileType = image.png; path = "cross@2x.png"; sourceTree = "<group>"; };
		1BD7009A1A211C1A00D32F95 /* list@2x.png */ = {isa = PBXFileReference; lastKnownFileType = image.png; path = "list@2x.png"; sourceTree = "<group>"; };
		1BD7009F1A211E5D00D32F95 /* NSMutableArray+SWUtilityButtons.h */ = {isa = PBXFileReference; fileEncoding = 4; lastKnownFileType = sourcecode.c.h; path = "NSMutableArray+SWUtilityButtons.h"; sourceTree = "<group>"; };
		1BD700A01A211E5D00D32F95 /* NSMutableArray+SWUtilityButtons.m */ = {isa = PBXFileReference; fileEncoding = 4; lastKnownFileType = sourcecode.c.objc; path = "NSMutableArray+SWUtilityButtons.m"; sourceTree = "<group>"; };
		1BD700A11A211E5D00D32F95 /* SWCellScrollView.h */ = {isa = PBXFileReference; fileEncoding = 4; lastKnownFileType = sourcecode.c.h; path = SWCellScrollView.h; sourceTree = "<group>"; };
		1BD700A21A211E5D00D32F95 /* SWCellScrollView.m */ = {isa = PBXFileReference; fileEncoding = 4; lastKnownFileType = sourcecode.c.objc; path = SWCellScrollView.m; sourceTree = "<group>"; };
		1BD700A31A211E5D00D32F95 /* SWLongPressGestureRecognizer.h */ = {isa = PBXFileReference; fileEncoding = 4; lastKnownFileType = sourcecode.c.h; path = SWLongPressGestureRecognizer.h; sourceTree = "<group>"; };
		1BD700A41A211E5D00D32F95 /* SWLongPressGestureRecognizer.m */ = {isa = PBXFileReference; fileEncoding = 4; lastKnownFileType = sourcecode.c.objc; path = SWLongPressGestureRecognizer.m; sourceTree = "<group>"; };
		1BD700A51A211E5D00D32F95 /* SWTableViewCell.h */ = {isa = PBXFileReference; fileEncoding = 4; lastKnownFileType = sourcecode.c.h; path = SWTableViewCell.h; sourceTree = "<group>"; };
		1BD700A61A211E5D00D32F95 /* SWTableViewCell.m */ = {isa = PBXFileReference; fileEncoding = 4; lastKnownFileType = sourcecode.c.objc; path = SWTableViewCell.m; sourceTree = "<group>"; };
		1BD700A71A211E5D00D32F95 /* SWUtilityButtonTapGestureRecognizer.h */ = {isa = PBXFileReference; fileEncoding = 4; lastKnownFileType = sourcecode.c.h; path = SWUtilityButtonTapGestureRecognizer.h; sourceTree = "<group>"; };
		1BD700A81A211E5D00D32F95 /* SWUtilityButtonTapGestureRecognizer.m */ = {isa = PBXFileReference; fileEncoding = 4; lastKnownFileType = sourcecode.c.objc; path = SWUtilityButtonTapGestureRecognizer.m; sourceTree = "<group>"; };
		1BD700A91A211E5D00D32F95 /* SWUtilityButtonView.h */ = {isa = PBXFileReference; fileEncoding = 4; lastKnownFileType = sourcecode.c.h; path = SWUtilityButtonView.h; sourceTree = "<group>"; };
		1BD700AA1A211E5D00D32F95 /* SWUtilityButtonView.m */ = {isa = PBXFileReference; fileEncoding = 4; lastKnownFileType = sourcecode.c.objc; path = SWUtilityButtonView.m; sourceTree = "<group>"; };
		1BD830631A197CA6006F0789 /* final thumbnail.png */ = {isa = PBXFileReference; lastKnownFileType = image.png; path = "final thumbnail.png"; sourceTree = "<group>"; };
		1BD830651A19A9AB006F0789 /* owl.mp3 */ = {isa = PBXFileReference; lastKnownFileType = audio.mp3; path = owl.mp3; sourceTree = "<group>"; };
		1BD830671A19AD06006F0789 /* owlsound.m4a */ = {isa = PBXFileReference; lastKnownFileType = file; path = owlsound.m4a; sourceTree = "<group>"; };
		1BD830681A19C55D006F0789 /* owlsound.caf */ = {isa = PBXFileReference; lastKnownFileType = file; path = owlsound.caf; sourceTree = "<group>"; };
		1BED85A31A22657D0092C69E /* greenarrow.png */ = {isa = PBXFileReference; lastKnownFileType = image.png; path = greenarrow.png; sourceTree = "<group>"; };
		1BED85A41A22657D0092C69E /* redarrow.png */ = {isa = PBXFileReference; lastKnownFileType = image.png; path = redarrow.png; sourceTree = "<group>"; };
		1BED85AB1A22A1300092C69E /* logosquare.png */ = {isa = PBXFileReference; lastKnownFileType = image.png; path = logosquare.png; sourceTree = "<group>"; };
		1BF5C4EA1A0EA751006D4D00 /* pencil.png */ = {isa = PBXFileReference; lastKnownFileType = image.png; path = pencil.png; sourceTree = "<group>"; };
		1BF5C4EC1A0EACBE006D4D00 /* chiptole.png */ = {isa = PBXFileReference; lastKnownFileType = image.png; path = chiptole.png; sourceTree = "<group>"; };
		1BF5C4EE1A0EAD17006D4D00 /* nickcage.jpg */ = {isa = PBXFileReference; lastKnownFileType = image.jpeg; path = nickcage.jpg; sourceTree = "<group>"; };
		1BF5C4F01A0EAD8D006D4D00 /* friendsicon.png */ = {isa = PBXFileReference; lastKnownFileType = image.png; path = friendsicon.png; sourceTree = "<group>"; };
		1BF5C5EC1A0EB7CF006D4D00 /* AFHTTPRequestOperation.h */ = {isa = PBXFileReference; fileEncoding = 4; lastKnownFileType = sourcecode.c.h; path = AFHTTPRequestOperation.h; sourceTree = "<group>"; };
		1BF5C5ED1A0EB7CF006D4D00 /* AFHTTPRequestOperation.m */ = {isa = PBXFileReference; fileEncoding = 4; lastKnownFileType = sourcecode.c.objc; path = AFHTTPRequestOperation.m; sourceTree = "<group>"; };
		1BF5C5EE1A0EB7CF006D4D00 /* AFHTTPRequestOperationManager.h */ = {isa = PBXFileReference; fileEncoding = 4; lastKnownFileType = sourcecode.c.h; path = AFHTTPRequestOperationManager.h; sourceTree = "<group>"; };
		1BF5C5EF1A0EB7CF006D4D00 /* AFHTTPRequestOperationManager.m */ = {isa = PBXFileReference; fileEncoding = 4; lastKnownFileType = sourcecode.c.objc; path = AFHTTPRequestOperationManager.m; sourceTree = "<group>"; };
		1BF5C5F01A0EB7CF006D4D00 /* AFHTTPSessionManager.h */ = {isa = PBXFileReference; fileEncoding = 4; lastKnownFileType = sourcecode.c.h; path = AFHTTPSessionManager.h; sourceTree = "<group>"; };
		1BF5C5F11A0EB7CF006D4D00 /* AFHTTPSessionManager.m */ = {isa = PBXFileReference; fileEncoding = 4; lastKnownFileType = sourcecode.c.objc; path = AFHTTPSessionManager.m; sourceTree = "<group>"; };
		1BF5C5F21A0EB7CF006D4D00 /* AFNetworking.h */ = {isa = PBXFileReference; fileEncoding = 4; lastKnownFileType = sourcecode.c.h; path = AFNetworking.h; sourceTree = "<group>"; };
		1BF5C5F31A0EB7CF006D4D00 /* AFNetworkReachabilityManager.h */ = {isa = PBXFileReference; fileEncoding = 4; lastKnownFileType = sourcecode.c.h; path = AFNetworkReachabilityManager.h; sourceTree = "<group>"; };
		1BF5C5F41A0EB7CF006D4D00 /* AFNetworkReachabilityManager.m */ = {isa = PBXFileReference; fileEncoding = 4; lastKnownFileType = sourcecode.c.objc; path = AFNetworkReachabilityManager.m; sourceTree = "<group>"; };
		1BF5C5F51A0EB7CF006D4D00 /* AFSecurityPolicy.h */ = {isa = PBXFileReference; fileEncoding = 4; lastKnownFileType = sourcecode.c.h; path = AFSecurityPolicy.h; sourceTree = "<group>"; };
		1BF5C5F61A0EB7CF006D4D00 /* AFSecurityPolicy.m */ = {isa = PBXFileReference; fileEncoding = 4; lastKnownFileType = sourcecode.c.objc; path = AFSecurityPolicy.m; sourceTree = "<group>"; };
		1BF5C5F71A0EB7CF006D4D00 /* AFURLConnectionOperation.h */ = {isa = PBXFileReference; fileEncoding = 4; lastKnownFileType = sourcecode.c.h; path = AFURLConnectionOperation.h; sourceTree = "<group>"; };
		1BF5C5F81A0EB7CF006D4D00 /* AFURLConnectionOperation.m */ = {isa = PBXFileReference; fileEncoding = 4; lastKnownFileType = sourcecode.c.objc; path = AFURLConnectionOperation.m; sourceTree = "<group>"; };
		1BF5C5F91A0EB7CF006D4D00 /* AFURLRequestSerialization.h */ = {isa = PBXFileReference; fileEncoding = 4; lastKnownFileType = sourcecode.c.h; path = AFURLRequestSerialization.h; sourceTree = "<group>"; };
		1BF5C5FA1A0EB7CF006D4D00 /* AFURLRequestSerialization.m */ = {isa = PBXFileReference; fileEncoding = 4; lastKnownFileType = sourcecode.c.objc; path = AFURLRequestSerialization.m; sourceTree = "<group>"; };
		1BF5C5FB1A0EB7CF006D4D00 /* AFURLResponseSerialization.h */ = {isa = PBXFileReference; fileEncoding = 4; lastKnownFileType = sourcecode.c.h; path = AFURLResponseSerialization.h; sourceTree = "<group>"; };
		1BF5C5FC1A0EB7CF006D4D00 /* AFURLResponseSerialization.m */ = {isa = PBXFileReference; fileEncoding = 4; lastKnownFileType = sourcecode.c.objc; path = AFURLResponseSerialization.m; sourceTree = "<group>"; };
		1BF5C5FD1A0EB7CF006D4D00 /* AFURLSessionManager.h */ = {isa = PBXFileReference; fileEncoding = 4; lastKnownFileType = sourcecode.c.h; path = AFURLSessionManager.h; sourceTree = "<group>"; };
		1BF5C5FE1A0EB7D0006D4D00 /* AFURLSessionManager.m */ = {isa = PBXFileReference; fileEncoding = 4; lastKnownFileType = sourcecode.c.objc; path = AFURLSessionManager.m; sourceTree = "<group>"; };
		1BF5C6001A0EB7D0006D4D00 /* AFNetworkActivityIndicatorManager.h */ = {isa = PBXFileReference; fileEncoding = 4; lastKnownFileType = sourcecode.c.h; path = AFNetworkActivityIndicatorManager.h; sourceTree = "<group>"; };
		1BF5C6011A0EB7D0006D4D00 /* AFNetworkActivityIndicatorManager.m */ = {isa = PBXFileReference; fileEncoding = 4; lastKnownFileType = sourcecode.c.objc; path = AFNetworkActivityIndicatorManager.m; sourceTree = "<group>"; };
		1BF5C6021A0EB7D0006D4D00 /* UIActivityIndicatorView+AFNetworking.h */ = {isa = PBXFileReference; fileEncoding = 4; lastKnownFileType = sourcecode.c.h; path = "UIActivityIndicatorView+AFNetworking.h"; sourceTree = "<group>"; };
		1BF5C6031A0EB7D0006D4D00 /* UIActivityIndicatorView+AFNetworking.m */ = {isa = PBXFileReference; fileEncoding = 4; lastKnownFileType = sourcecode.c.objc; path = "UIActivityIndicatorView+AFNetworking.m"; sourceTree = "<group>"; };
		1BF5C6041A0EB7D0006D4D00 /* UIAlertView+AFNetworking.h */ = {isa = PBXFileReference; fileEncoding = 4; lastKnownFileType = sourcecode.c.h; path = "UIAlertView+AFNetworking.h"; sourceTree = "<group>"; };
		1BF5C6051A0EB7D0006D4D00 /* UIAlertView+AFNetworking.m */ = {isa = PBXFileReference; fileEncoding = 4; lastKnownFileType = sourcecode.c.objc; path = "UIAlertView+AFNetworking.m"; sourceTree = "<group>"; };
		1BF5C6061A0EB7D0006D4D00 /* UIButton+AFNetworking.h */ = {isa = PBXFileReference; fileEncoding = 4; lastKnownFileType = sourcecode.c.h; path = "UIButton+AFNetworking.h"; sourceTree = "<group>"; };
		1BF5C6071A0EB7D0006D4D00 /* UIButton+AFNetworking.m */ = {isa = PBXFileReference; fileEncoding = 4; lastKnownFileType = sourcecode.c.objc; path = "UIButton+AFNetworking.m"; sourceTree = "<group>"; };
		1BF5C6081A0EB7D0006D4D00 /* UIImageView+AFNetworking.h */ = {isa = PBXFileReference; fileEncoding = 4; lastKnownFileType = sourcecode.c.h; path = "UIImageView+AFNetworking.h"; sourceTree = "<group>"; };
		1BF5C6091A0EB7D0006D4D00 /* UIImageView+AFNetworking.m */ = {isa = PBXFileReference; fileEncoding = 4; lastKnownFileType = sourcecode.c.objc; path = "UIImageView+AFNetworking.m"; sourceTree = "<group>"; };
		1BF5C60A1A0EB7D0006D4D00 /* UIKit+AFNetworking.h */ = {isa = PBXFileReference; fileEncoding = 4; lastKnownFileType = sourcecode.c.h; path = "UIKit+AFNetworking.h"; sourceTree = "<group>"; };
		1BF5C60B1A0EB7D0006D4D00 /* UIProgressView+AFNetworking.h */ = {isa = PBXFileReference; fileEncoding = 4; lastKnownFileType = sourcecode.c.h; path = "UIProgressView+AFNetworking.h"; sourceTree = "<group>"; };
		1BF5C60C1A0EB7D0006D4D00 /* UIProgressView+AFNetworking.m */ = {isa = PBXFileReference; fileEncoding = 4; lastKnownFileType = sourcecode.c.objc; path = "UIProgressView+AFNetworking.m"; sourceTree = "<group>"; };
		1BF5C60D1A0EB7D0006D4D00 /* UIRefreshControl+AFNetworking.h */ = {isa = PBXFileReference; fileEncoding = 4; lastKnownFileType = sourcecode.c.h; path = "UIRefreshControl+AFNetworking.h"; sourceTree = "<group>"; };
		1BF5C60E1A0EB7D0006D4D00 /* UIRefreshControl+AFNetworking.m */ = {isa = PBXFileReference; fileEncoding = 4; lastKnownFileType = sourcecode.c.objc; path = "UIRefreshControl+AFNetworking.m"; sourceTree = "<group>"; };
		1BF5C60F1A0EB7D0006D4D00 /* UIWebView+AFNetworking.h */ = {isa = PBXFileReference; fileEncoding = 4; lastKnownFileType = sourcecode.c.h; path = "UIWebView+AFNetworking.h"; sourceTree = "<group>"; };
		1BF5C6101A0EB7D0006D4D00 /* UIWebView+AFNetworking.m */ = {isa = PBXFileReference; fileEncoding = 4; lastKnownFileType = sourcecode.c.objc; path = "UIWebView+AFNetworking.m"; sourceTree = "<group>"; };
		1BF5C6221A0EDD42006D4D00 /* coffee.jpeg */ = {isa = PBXFileReference; lastKnownFileType = image.jpeg; path = coffee.jpeg; sourceTree = "<group>"; };
		1BF5C6231A0EDD42006D4D00 /* dinner.png */ = {isa = PBXFileReference; lastKnownFileType = image.png; path = dinner.png; sourceTree = "<group>"; };
		1BF5C6241A0EDD42006D4D00 /* drinks.png */ = {isa = PBXFileReference; lastKnownFileType = image.png; path = drinks.png; sourceTree = "<group>"; };
		1BF5C6251A0EDD42006D4D00 /* lunch.gif */ = {isa = PBXFileReference; lastKnownFileType = image.gif; path = lunch.gif; sourceTree = "<group>"; };
		1BF5C62A1A0EDEB6006D4D00 /* RestaurantCell.h */ = {isa = PBXFileReference; fileEncoding = 4; lastKnownFileType = sourcecode.c.h; path = RestaurantCell.h; sourceTree = "<group>"; };
		1BF5C62B1A0EDEB6006D4D00 /* RestaurantCell.m */ = {isa = PBXFileReference; fileEncoding = 4; lastKnownFileType = sourcecode.c.objc; path = RestaurantCell.m; sourceTree = "<group>"; };
		1BF5C62C1A0EDEB6006D4D00 /* RestaurantsViewController.h */ = {isa = PBXFileReference; fileEncoding = 4; lastKnownFileType = sourcecode.c.h; path = RestaurantsViewController.h; sourceTree = "<group>"; };
		1BF5C62D1A0EDEB6006D4D00 /* RestaurantsViewController.m */ = {isa = PBXFileReference; fileEncoding = 4; lastKnownFileType = sourcecode.c.objc; path = RestaurantsViewController.m; sourceTree = "<group>"; };
		1BF5C6301A0EEF83006D4D00 /* coffeePressed.jpeg */ = {isa = PBXFileReference; lastKnownFileType = image.jpeg; path = coffeePressed.jpeg; sourceTree = "<group>"; };
		1BF5C6311A0EEF83006D4D00 /* dinnerPressed.jpeg */ = {isa = PBXFileReference; lastKnownFileType = image.jpeg; path = dinnerPressed.jpeg; sourceTree = "<group>"; };
		1BF5C6321A0EEF83006D4D00 /* drinksPressed.png */ = {isa = PBXFileReference; lastKnownFileType = image.png; path = drinksPressed.png; sourceTree = "<group>"; };
		1BF5C6331A0EEF83006D4D00 /* lunchPressed.jpeg */ = {isa = PBXFileReference; lastKnownFileType = image.jpeg; path = lunchPressed.jpeg; sourceTree = "<group>"; };
		1BF5C6381A0EF10B006D4D00 /* jennifer.jpg */ = {isa = PBXFileReference; lastKnownFileType = image.jpeg; path = jennifer.jpg; sourceTree = "<group>"; };
		1BF5C63A1A0EF2A1006D4D00 /* chipotle.JPG */ = {isa = PBXFileReference; lastKnownFileType = image.jpeg; path = chipotle.JPG; sourceTree = "<group>"; };
		1BF5C72B1A0F040C006D4D00 /* AbstractActionSheetPicker.h */ = {isa = PBXFileReference; fileEncoding = 4; lastKnownFileType = sourcecode.c.h; path = AbstractActionSheetPicker.h; sourceTree = "<group>"; };
		1BF5C72C1A0F040C006D4D00 /* AbstractActionSheetPicker.m */ = {isa = PBXFileReference; fileEncoding = 4; lastKnownFileType = sourcecode.c.objc; path = AbstractActionSheetPicker.m; sourceTree = "<group>"; };
		1BF5C72D1A0F040C006D4D00 /* ActionSheetCustomPicker.h */ = {isa = PBXFileReference; fileEncoding = 4; lastKnownFileType = sourcecode.c.h; path = ActionSheetCustomPicker.h; sourceTree = "<group>"; };
		1BF5C72E1A0F040C006D4D00 /* ActionSheetCustomPicker.m */ = {isa = PBXFileReference; fileEncoding = 4; lastKnownFileType = sourcecode.c.objc; path = ActionSheetCustomPicker.m; sourceTree = "<group>"; };
		1BF5C72F1A0F040C006D4D00 /* ActionSheetCustomPickerDelegate.h */ = {isa = PBXFileReference; fileEncoding = 4; lastKnownFileType = sourcecode.c.h; path = ActionSheetCustomPickerDelegate.h; sourceTree = "<group>"; };
		1BF5C7301A0F040C006D4D00 /* ActionSheetDatePicker.h */ = {isa = PBXFileReference; fileEncoding = 4; lastKnownFileType = sourcecode.c.h; path = ActionSheetDatePicker.h; sourceTree = "<group>"; };
		1BF5C7311A0F040C006D4D00 /* ActionSheetDatePicker.m */ = {isa = PBXFileReference; fileEncoding = 4; lastKnownFileType = sourcecode.c.objc; path = ActionSheetDatePicker.m; sourceTree = "<group>"; };
		1BF5C7321A0F040C006D4D00 /* ActionSheetDistancePicker.h */ = {isa = PBXFileReference; fileEncoding = 4; lastKnownFileType = sourcecode.c.h; path = ActionSheetDistancePicker.h; sourceTree = "<group>"; };
		1BF5C7331A0F040C006D4D00 /* ActionSheetDistancePicker.m */ = {isa = PBXFileReference; fileEncoding = 4; lastKnownFileType = sourcecode.c.objc; path = ActionSheetDistancePicker.m; sourceTree = "<group>"; };
		1BF5C7341A0F040C006D4D00 /* ActionSheetLocalePicker.h */ = {isa = PBXFileReference; fileEncoding = 4; lastKnownFileType = sourcecode.c.h; path = ActionSheetLocalePicker.h; sourceTree = "<group>"; };
		1BF5C7351A0F040C006D4D00 /* ActionSheetLocalePicker.m */ = {isa = PBXFileReference; fileEncoding = 4; lastKnownFileType = sourcecode.c.objc; path = ActionSheetLocalePicker.m; sourceTree = "<group>"; };
		1BF5C7361A0F040C006D4D00 /* ActionSheetStringPicker.h */ = {isa = PBXFileReference; fileEncoding = 4; lastKnownFileType = sourcecode.c.h; path = ActionSheetStringPicker.h; sourceTree = "<group>"; };
		1BF5C7371A0F040C006D4D00 /* ActionSheetStringPicker.m */ = {isa = PBXFileReference; fileEncoding = 4; lastKnownFileType = sourcecode.c.objc; path = ActionSheetStringPicker.m; sourceTree = "<group>"; };
		1BF5C7381A0F040C006D4D00 /* DistancePickerView.h */ = {isa = PBXFileReference; fileEncoding = 4; lastKnownFileType = sourcecode.c.h; path = DistancePickerView.h; sourceTree = "<group>"; };
		1BF5C7391A0F040C006D4D00 /* DistancePickerView.m */ = {isa = PBXFileReference; fileEncoding = 4; lastKnownFileType = sourcecode.c.objc; path = DistancePickerView.m; sourceTree = "<group>"; };
		1BF5C73A1A0F040C006D4D00 /* SWActionSheet.h */ = {isa = PBXFileReference; fileEncoding = 4; lastKnownFileType = sourcecode.c.h; path = SWActionSheet.h; sourceTree = "<group>"; };
		1BF5C73B1A0F040C006D4D00 /* SWActionSheet.m */ = {isa = PBXFileReference; fileEncoding = 4; lastKnownFileType = sourcecode.c.objc; path = SWActionSheet.m; sourceTree = "<group>"; };
		1BF5C7441A0F3FC9006D4D00 /* 02_blurred_backgrounds.jpg */ = {isa = PBXFileReference; lastKnownFileType = image.jpeg; path = 02_blurred_backgrounds.jpg; sourceTree = "<group>"; };
		1BF5C7461A0F4198006D4D00 /* thisguy.png */ = {isa = PBXFileReference; lastKnownFileType = image.png; path = thisguy.png; sourceTree = "<group>"; };
		C31398181A12EFF200DE18EC /* HootLobby.h */ = {isa = PBXFileReference; fileEncoding = 4; lastKnownFileType = sourcecode.c.h; path = HootLobby.h; sourceTree = "<group>"; };
		C31398191A12EFF200DE18EC /* HootLobby.m */ = {isa = PBXFileReference; fileEncoding = 4; lastKnownFileType = sourcecode.c.objc; path = HootLobby.m; sourceTree = "<group>"; };
		C36C41311A0B206600F37668 /* Whos Hungry.app */ = {isa = PBXFileReference; explicitFileType = wrapper.application; includeInIndex = 0; path = "Whos Hungry.app"; sourceTree = BUILT_PRODUCTS_DIR; };
		C36C41351A0B206600F37668 /* Info.plist */ = {isa = PBXFileReference; lastKnownFileType = text.plist.xml; path = Info.plist; sourceTree = "<group>"; };
		C36C41361A0B206600F37668 /* main.m */ = {isa = PBXFileReference; lastKnownFileType = sourcecode.c.objc; path = main.m; sourceTree = "<group>"; };
		C36C41381A0B206600F37668 /* AppDelegate.h */ = {isa = PBXFileReference; lastKnownFileType = sourcecode.c.h; path = AppDelegate.h; sourceTree = "<group>"; };
		C36C41391A0B206600F37668 /* AppDelegate.m */ = {isa = PBXFileReference; lastKnownFileType = sourcecode.c.objc; path = AppDelegate.m; sourceTree = "<group>"; };
		C36C413B1A0B206600F37668 /* LoginViewController.h */ = {isa = PBXFileReference; lastKnownFileType = sourcecode.c.h; path = LoginViewController.h; sourceTree = "<group>"; };
		C36C413C1A0B206600F37668 /* LoginViewController.m */ = {isa = PBXFileReference; lastKnownFileType = sourcecode.c.objc; path = LoginViewController.m; sourceTree = "<group>"; };
		C36C41411A0B206600F37668 /* Images.xcassets */ = {isa = PBXFileReference; lastKnownFileType = folder.assetcatalog; path = Images.xcassets; sourceTree = "<group>"; };
		C36C41441A0B206600F37668 /* Base */ = {isa = PBXFileReference; lastKnownFileType = file.xib; name = Base; path = Base.lproj/LaunchScreen.xib; sourceTree = "<group>"; };
		C36C414A1A0B206600F37668 /* Whos HungryTests.xctest */ = {isa = PBXFileReference; explicitFileType = wrapper.cfbundle; includeInIndex = 0; path = "Whos HungryTests.xctest"; sourceTree = BUILT_PRODUCTS_DIR; };
		C36C414F1A0B206600F37668 /* Info.plist */ = {isa = PBXFileReference; lastKnownFileType = text.plist.xml; path = Info.plist; sourceTree = "<group>"; };
		C36C41501A0B206600F37668 /* Whos_HungryTests.m */ = {isa = PBXFileReference; lastKnownFileType = sourcecode.c.objc; path = Whos_HungryTests.m; sourceTree = "<group>"; };
		C36C415A1A0B231B00F37668 /* MainViewController.h */ = {isa = PBXFileReference; fileEncoding = 4; lastKnownFileType = sourcecode.c.h; path = MainViewController.h; sourceTree = "<group>"; };
		C36C415B1A0B231B00F37668 /* MainViewController.m */ = {isa = PBXFileReference; fileEncoding = 4; lastKnownFileType = sourcecode.c.objc; path = MainViewController.m; sourceTree = "<group>"; };
		C36C415D1A0B232600F37668 /* MapViewController.h */ = {isa = PBXFileReference; fileEncoding = 4; lastKnownFileType = sourcecode.c.h; path = MapViewController.h; sourceTree = "<group>"; };
		C36C415E1A0B232600F37668 /* MapViewController.m */ = {isa = PBXFileReference; fileEncoding = 4; lastKnownFileType = sourcecode.c.objc; path = MapViewController.m; sourceTree = "<group>"; };
		C36C41601A0B233900F37668 /* LobbyViewController.h */ = {isa = PBXFileReference; fileEncoding = 4; lastKnownFileType = sourcecode.c.h; path = LobbyViewController.h; sourceTree = "<group>"; };
		C36C41611A0B233900F37668 /* LobbyViewController.m */ = {isa = PBXFileReference; fileEncoding = 4; lastKnownFileType = sourcecode.c.objc; path = LobbyViewController.m; sourceTree = "<group>"; };
		C36C41631A0B234200F37668 /* SummaryViewController.h */ = {isa = PBXFileReference; fileEncoding = 4; lastKnownFileType = sourcecode.c.h; path = SummaryViewController.h; sourceTree = "<group>"; };
		C36C41641A0B234200F37668 /* SummaryViewController.m */ = {isa = PBXFileReference; fileEncoding = 4; lastKnownFileType = sourcecode.c.objc; path = SummaryViewController.m; sourceTree = "<group>"; };
		C36C41691A0B2B7000F37668 /* HootGroupCell.h */ = {isa = PBXFileReference; fileEncoding = 4; lastKnownFileType = sourcecode.c.h; path = HootGroupCell.h; sourceTree = "<group>"; };
		C36C416A1A0B2B7000F37668 /* HootGroupCell.m */ = {isa = PBXFileReference; fileEncoding = 4; lastKnownFileType = sourcecode.c.objc; path = HootGroupCell.m; sourceTree = "<group>"; };
		C36C416B1A0B2B7000F37668 /* HootGroupCell.xib */ = {isa = PBXFileReference; fileEncoding = 4; lastKnownFileType = file.xib; path = HootGroupCell.xib; sourceTree = "<group>"; };
		C36C416E1A0B3B3100F37668 /* FacebookSDK.framework */ = {isa = PBXFileReference; lastKnownFileType = wrapper.framework; path = FacebookSDK.framework; sourceTree = "<group>"; };
		C36C41701A0B3DD800F37668 /* Main.storyboard */ = {isa = PBXFileReference; fileEncoding = 4; lastKnownFileType = file.storyboard; path = Main.storyboard; sourceTree = "<group>"; };
/* End PBXFileReference section */

/* Begin PBXFrameworksBuildPhase section */
		C36C412E1A0B206600F37668 /* Frameworks */ = {
			isa = PBXFrameworksBuildPhase;
			buildActionMask = 2147483647;
			files = (
				1B9713C91A0B335300A2F46E /* SystemConfiguration.framework in Frameworks */,
				1B9713C51A0B334200A2F46E /* Security.framework in Frameworks */,
				1B9713C31A0B333C00A2F46E /* QuartzCore.framework in Frameworks */,
				1B9713C11A0B333400A2F46E /* MobileCoreServices.framework in Frameworks */,
				1B9713BF1A0B332D00A2F46E /* libz.dylib in Frameworks */,
				1B9713BD1A0B332400A2F46E /* CoreLocation.framework in Frameworks */,
				1B9713BB1A0B331C00A2F46E /* CoreGraphics.framework in Frameworks */,
				1B9713B91A0B331400A2F46E /* CFNetwork.framework in Frameworks */,
				1B9713B71A0B330C00A2F46E /* AudioToolbox.framework in Frameworks */,
				1B9713B41A0B32F700A2F46E /* Parse.framework in Frameworks */,
				1B9713B51A0B32F700A2F46E /* ParseFacebookUtils.framework in Frameworks */,
				C36C416F1A0B3B3100F37668 /* FacebookSDK.framework in Frameworks */,
			);
			runOnlyForDeploymentPostprocessing = 0;
		};
		C36C41471A0B206600F37668 /* Frameworks */ = {
			isa = PBXFrameworksBuildPhase;
			buildActionMask = 2147483647;
			files = (
			);
			runOnlyForDeploymentPostprocessing = 0;
		};
/* End PBXFrameworksBuildPhase section */

/* Begin PBXGroup section */
		1B9713991A0B2A3600A2F46E /* Frameworks */ = {
			isa = PBXGroup;
			children = (
				1BD700401A21129100D32F95 /* SWTableViewCell */,
				1BF5C72A1A0F040C006D4D00 /* Pickers */,
				1BF5C5EB1A0EB7CF006D4D00 /* AFNetworking */,
				1BF5C5FF1A0EB7D0006D4D00 /* UIKit+AFNetworking */,
				C36C416E1A0B3B3100F37668 /* FacebookSDK.framework */,
				1B9713C81A0B335300A2F46E /* SystemConfiguration.framework */,
				1B9713C41A0B334200A2F46E /* Security.framework */,
				1B9713C21A0B333C00A2F46E /* QuartzCore.framework */,
				1B9713C01A0B333400A2F46E /* MobileCoreServices.framework */,
				1B9713BE1A0B332D00A2F46E /* libz.dylib */,
				1B9713BC1A0B332400A2F46E /* CoreLocation.framework */,
				1B9713BA1A0B331C00A2F46E /* CoreGraphics.framework */,
				1B9713B81A0B331400A2F46E /* CFNetwork.framework */,
				1B9713B61A0B330C00A2F46E /* AudioToolbox.framework */,
				1B9713B21A0B32F700A2F46E /* Parse.framework */,
				1B9713B31A0B32F700A2F46E /* ParseFacebookUtils.framework */,
			);
			name = Frameworks;
			sourceTree = "<group>";
		};
		1B9713CA1A0B35F500A2F46E /* Images */ = {
			isa = PBXGroup;
			children = (
				1BED85AB1A22A1300092C69E /* logosquare.png */,
				1BED85A31A22657D0092C69E /* greenarrow.png */,
				1BED85A41A22657D0092C69E /* redarrow.png */,
				1BD42CF61A21353D008796F9 /* rightarrow.png */,
				1BD42CF41A213206008796F9 /* bae5.jpeg */,
				1BD700971A211C1A00D32F95 /* check@2x.png */,
				1BD700981A211C1A00D32F95 /* clock@2x.png */,
				1BD700991A211C1A00D32F95 /* cross@2x.png */,
				1BD7009A1A211C1A00D32F95 /* list@2x.png */,
				1BD7007B1A2115F000D32F95 /* bae2.jpg */,
				1BD7007C1A2115F000D32F95 /* bae3.jpeg */,
				1BD7007D1A2115F000D32F95 /* bae4.jpg */,
				1B0ED51A1A15459A00639614 /* downvote.png */,
				1B0ED51B1A15459A00639614 /* upvote.png */,
				1BF5C7461A0F4198006D4D00 /* thisguy.png */,
				1BF5C7441A0F3FC9006D4D00 /* 02_blurred_backgrounds.jpg */,
				1BF5C63A1A0EF2A1006D4D00 /* chipotle.JPG */,
				1BF5C6381A0EF10B006D4D00 /* jennifer.jpg */,
				1BF5C6301A0EEF83006D4D00 /* coffeePressed.jpeg */,
				1BF5C6311A0EEF83006D4D00 /* dinnerPressed.jpeg */,
				1BF5C6321A0EEF83006D4D00 /* drinksPressed.png */,
				1BF5C6331A0EEF83006D4D00 /* lunchPressed.jpeg */,
				1BF5C6221A0EDD42006D4D00 /* coffee.jpeg */,
				1BF5C6231A0EDD42006D4D00 /* dinner.png */,
				1BF5C6241A0EDD42006D4D00 /* drinks.png */,
				1BF5C6251A0EDD42006D4D00 /* lunch.gif */,
				1BF5C4F01A0EAD8D006D4D00 /* friendsicon.png */,
				1BF5C4EE1A0EAD17006D4D00 /* nickcage.jpg */,
				1BF5C4EC1A0EACBE006D4D00 /* chiptole.png */,
				1BF5C4EA1A0EA751006D4D00 /* pencil.png */,
				1B9713D71A0B365100A2F46E /* final login image.png */,
				1B9713CB1A0B362700A2F46E /* AustinLocation.gpx */,
				1B9713CC1A0B362700A2F46E /* login-button-small-pressed.png */,
				1B9713CD1A0B362700A2F46E /* login-button-small-pressed@2x.png */,
				1B9713CE1A0B362700A2F46E /* login-button-small.png */,
				1B9713CF1A0B362700A2F46E /* login-button-small@2x.png */,
				1B9713D01A0B362700A2F46E /* owlintro.png */,
			);
			name = Images;
			sourceTree = "<group>";
		};
		1B9713D91A0B3A7300A2F46E /* Categories */ = {
			isa = PBXGroup;
			children = (
				1B9713DA1A0B3A8E00A2F46E /* UIImage+Resize.h */,
				1B9713DB1A0B3A8E00A2F46E /* UIImage+Resize.m */,
			);
			name = Categories;
			sourceTree = "<group>";
		};
		1BD700401A21129100D32F95 /* SWTableViewCell */ = {
			isa = PBXGroup;
			children = (
				1BD7009F1A211E5D00D32F95 /* NSMutableArray+SWUtilityButtons.h */,
				1BD700A01A211E5D00D32F95 /* NSMutableArray+SWUtilityButtons.m */,
				1BD700A11A211E5D00D32F95 /* SWCellScrollView.h */,
				1BD700A21A211E5D00D32F95 /* SWCellScrollView.m */,
				1BD700A31A211E5D00D32F95 /* SWLongPressGestureRecognizer.h */,
				1BD700A41A211E5D00D32F95 /* SWLongPressGestureRecognizer.m */,
				1BD700A51A211E5D00D32F95 /* SWTableViewCell.h */,
				1BD700A61A211E5D00D32F95 /* SWTableViewCell.m */,
				1BD700A71A211E5D00D32F95 /* SWUtilityButtonTapGestureRecognizer.h */,
				1BD700A81A211E5D00D32F95 /* SWUtilityButtonTapGestureRecognizer.m */,
				1BD700A91A211E5D00D32F95 /* SWUtilityButtonView.h */,
				1BD700AA1A211E5D00D32F95 /* SWUtilityButtonView.m */,
			);
			path = SWTableViewCell;
			sourceTree = "<group>";
		};
		1BF5C5EB1A0EB7CF006D4D00 /* AFNetworking */ = {
			isa = PBXGroup;
			children = (
				1BF5C5EC1A0EB7CF006D4D00 /* AFHTTPRequestOperation.h */,
				1BF5C5ED1A0EB7CF006D4D00 /* AFHTTPRequestOperation.m */,
				1BF5C5EE1A0EB7CF006D4D00 /* AFHTTPRequestOperationManager.h */,
				1BF5C5EF1A0EB7CF006D4D00 /* AFHTTPRequestOperationManager.m */,
				1BF5C5F01A0EB7CF006D4D00 /* AFHTTPSessionManager.h */,
				1BF5C5F11A0EB7CF006D4D00 /* AFHTTPSessionManager.m */,
				1BF5C5F21A0EB7CF006D4D00 /* AFNetworking.h */,
				1BF5C5F31A0EB7CF006D4D00 /* AFNetworkReachabilityManager.h */,
				1BF5C5F41A0EB7CF006D4D00 /* AFNetworkReachabilityManager.m */,
				1BF5C5F51A0EB7CF006D4D00 /* AFSecurityPolicy.h */,
				1BF5C5F61A0EB7CF006D4D00 /* AFSecurityPolicy.m */,
				1BF5C5F71A0EB7CF006D4D00 /* AFURLConnectionOperation.h */,
				1BF5C5F81A0EB7CF006D4D00 /* AFURLConnectionOperation.m */,
				1BF5C5F91A0EB7CF006D4D00 /* AFURLRequestSerialization.h */,
				1BF5C5FA1A0EB7CF006D4D00 /* AFURLRequestSerialization.m */,
				1BF5C5FB1A0EB7CF006D4D00 /* AFURLResponseSerialization.h */,
				1BF5C5FC1A0EB7CF006D4D00 /* AFURLResponseSerialization.m */,
				1BF5C5FD1A0EB7CF006D4D00 /* AFURLSessionManager.h */,
				1BF5C5FE1A0EB7D0006D4D00 /* AFURLSessionManager.m */,
			);
			path = AFNetworking;
			sourceTree = "<group>";
		};
		1BF5C5FF1A0EB7D0006D4D00 /* UIKit+AFNetworking */ = {
			isa = PBXGroup;
			children = (
				1BF5C6001A0EB7D0006D4D00 /* AFNetworkActivityIndicatorManager.h */,
				1BF5C6011A0EB7D0006D4D00 /* AFNetworkActivityIndicatorManager.m */,
				1BF5C6021A0EB7D0006D4D00 /* UIActivityIndicatorView+AFNetworking.h */,
				1BF5C6031A0EB7D0006D4D00 /* UIActivityIndicatorView+AFNetworking.m */,
				1BF5C6041A0EB7D0006D4D00 /* UIAlertView+AFNetworking.h */,
				1BF5C6051A0EB7D0006D4D00 /* UIAlertView+AFNetworking.m */,
				1BF5C6061A0EB7D0006D4D00 /* UIButton+AFNetworking.h */,
				1BF5C6071A0EB7D0006D4D00 /* UIButton+AFNetworking.m */,
				1BF5C6081A0EB7D0006D4D00 /* UIImageView+AFNetworking.h */,
				1BF5C6091A0EB7D0006D4D00 /* UIImageView+AFNetworking.m */,
				1BF5C60A1A0EB7D0006D4D00 /* UIKit+AFNetworking.h */,
				1BF5C60B1A0EB7D0006D4D00 /* UIProgressView+AFNetworking.h */,
				1BF5C60C1A0EB7D0006D4D00 /* UIProgressView+AFNetworking.m */,
				1BF5C60D1A0EB7D0006D4D00 /* UIRefreshControl+AFNetworking.h */,
				1BF5C60E1A0EB7D0006D4D00 /* UIRefreshControl+AFNetworking.m */,
				1BF5C60F1A0EB7D0006D4D00 /* UIWebView+AFNetworking.h */,
				1BF5C6101A0EB7D0006D4D00 /* UIWebView+AFNetworking.m */,
			);
			path = "UIKit+AFNetworking";
			sourceTree = "<group>";
		};
		1BF5C72A1A0F040C006D4D00 /* Pickers */ = {
			isa = PBXGroup;
			children = (
				1BF5C72B1A0F040C006D4D00 /* AbstractActionSheetPicker.h */,
				1BF5C72C1A0F040C006D4D00 /* AbstractActionSheetPicker.m */,
				1BF5C72D1A0F040C006D4D00 /* ActionSheetCustomPicker.h */,
				1BF5C72E1A0F040C006D4D00 /* ActionSheetCustomPicker.m */,
				1BF5C72F1A0F040C006D4D00 /* ActionSheetCustomPickerDelegate.h */,
				1BF5C7301A0F040C006D4D00 /* ActionSheetDatePicker.h */,
				1BF5C7311A0F040C006D4D00 /* ActionSheetDatePicker.m */,
				1BF5C7321A0F040C006D4D00 /* ActionSheetDistancePicker.h */,
				1BF5C7331A0F040C006D4D00 /* ActionSheetDistancePicker.m */,
				1BF5C7341A0F040C006D4D00 /* ActionSheetLocalePicker.h */,
				1BF5C7351A0F040C006D4D00 /* ActionSheetLocalePicker.m */,
				1BF5C7361A0F040C006D4D00 /* ActionSheetStringPicker.h */,
				1BF5C7371A0F040C006D4D00 /* ActionSheetStringPicker.m */,
				1BF5C7381A0F040C006D4D00 /* DistancePickerView.h */,
				1BF5C7391A0F040C006D4D00 /* DistancePickerView.m */,
				1BF5C73A1A0F040C006D4D00 /* SWActionSheet.h */,
				1BF5C73B1A0F040C006D4D00 /* SWActionSheet.m */,
			);
			path = Pickers;
			sourceTree = "<group>";
		};
		C36C41281A0B206600F37668 = {
			isa = PBXGroup;
			children = (
				1BD830681A19C55D006F0789 /* owlsound.caf */,
				1BD830671A19AD06006F0789 /* owlsound.m4a */,
				1BD830651A19A9AB006F0789 /* owl.mp3 */,
				1BD830631A197CA6006F0789 /* final thumbnail.png */,
				1B9713D91A0B3A7300A2F46E /* Categories */,
				1B9713CA1A0B35F500A2F46E /* Images */,
				1B9713991A0B2A3600A2F46E /* Frameworks */,
				C36C41331A0B206600F37668 /* Whos Hungry */,
				C36C414D1A0B206600F37668 /* Whos HungryTests */,
				C36C41321A0B206600F37668 /* Products */,
			);
			sourceTree = "<group>";
		};
		C36C41321A0B206600F37668 /* Products */ = {
			isa = PBXGroup;
			children = (
				C36C41311A0B206600F37668 /* Whos Hungry.app */,
				C36C414A1A0B206600F37668 /* Whos HungryTests.xctest */,
			);
			name = Products;
			sourceTree = "<group>";
		};
		C36C41331A0B206600F37668 /* Whos Hungry */ = {
			isa = PBXGroup;
			children = (
				C36C41701A0B3DD800F37668 /* Main.storyboard */,
				C36C41381A0B206600F37668 /* AppDelegate.h */,
				C36C41391A0B206600F37668 /* AppDelegate.m */,
				C36C413B1A0B206600F37668 /* LoginViewController.h */,
				C36C413C1A0B206600F37668 /* LoginViewController.m */,
				C36C41691A0B2B7000F37668 /* HootGroupCell.h */,
				C36C416A1A0B2B7000F37668 /* HootGroupCell.m */,
				C31398181A12EFF200DE18EC /* HootLobby.h */,
				C31398191A12EFF200DE18EC /* HootLobby.m */,
				C36C416B1A0B2B7000F37668 /* HootGroupCell.xib */,
				C36C41601A0B233900F37668 /* LobbyViewController.h */,
				C36C41611A0B233900F37668 /* LobbyViewController.m */,
				C36C41631A0B234200F37668 /* SummaryViewController.h */,
				C36C41641A0B234200F37668 /* SummaryViewController.m */,
				C36C415A1A0B231B00F37668 /* MainViewController.h */,
				C36C415B1A0B231B00F37668 /* MainViewController.m */,
				C36C415D1A0B232600F37668 /* MapViewController.h */,
				C36C415E1A0B232600F37668 /* MapViewController.m */,
				1BF5C62A1A0EDEB6006D4D00 /* RestaurantCell.h */,
				1BF5C62B1A0EDEB6006D4D00 /* RestaurantCell.m */,
				1BF5C62C1A0EDEB6006D4D00 /* RestaurantsViewController.h */,
				1BF5C62D1A0EDEB6006D4D00 /* RestaurantsViewController.m */,
				1B0ED51E1A15485100639614 /* UpDownVoteView.h */,
				1B0ED51F1A15485100639614 /* UpDownVoteView.m */,
				1B0ED5181A1544EE00639614 /* updownvote.xib */,
				C36C41411A0B206600F37668 /* Images.xcassets */,
				C36C41431A0B206600F37668 /* LaunchScreen.xib */,
				1BD42CEF1A212780008796F9 /* RSVPFriendsTableViewCell.h */,
				1BD42CF01A212780008796F9 /* RSVPFriendsTableViewCell.m */,
				1BD42CF11A212780008796F9 /* RSVPFriendsTableViewCell.xib */,
				C36C41341A0B206600F37668 /* Supporting Files */,
			);
			path = "Whos Hungry";
			sourceTree = "<group>";
		};
		C36C41341A0B206600F37668 /* Supporting Files */ = {
			isa = PBXGroup;
			children = (
				C36C41351A0B206600F37668 /* Info.plist */,
				C36C41361A0B206600F37668 /* main.m */,
			);
			name = "Supporting Files";
			sourceTree = "<group>";
		};
		C36C414D1A0B206600F37668 /* Whos HungryTests */ = {
			isa = PBXGroup;
			children = (
				C36C41501A0B206600F37668 /* Whos_HungryTests.m */,
				C36C414E1A0B206600F37668 /* Supporting Files */,
			);
			path = "Whos HungryTests";
			sourceTree = "<group>";
		};
		C36C414E1A0B206600F37668 /* Supporting Files */ = {
			isa = PBXGroup;
			children = (
				C36C414F1A0B206600F37668 /* Info.plist */,
			);
			name = "Supporting Files";
			sourceTree = "<group>";
		};
/* End PBXGroup section */

/* Begin PBXNativeTarget section */
		C36C41301A0B206600F37668 /* Whos Hungry */ = {
			isa = PBXNativeTarget;
			buildConfigurationList = C36C41541A0B206600F37668 /* Build configuration list for PBXNativeTarget "Whos Hungry" */;
			buildPhases = (
				C36C412D1A0B206600F37668 /* Sources */,
				C36C412E1A0B206600F37668 /* Frameworks */,
				C36C412F1A0B206600F37668 /* Resources */,
			);
			buildRules = (
			);
			dependencies = (
			);
			name = "Whos Hungry";
			productName = "Whos Hungry";
			productReference = C36C41311A0B206600F37668 /* Whos Hungry.app */;
			productType = "com.apple.product-type.application";
		};
		C36C41491A0B206600F37668 /* Whos HungryTests */ = {
			isa = PBXNativeTarget;
			buildConfigurationList = C36C41571A0B206600F37668 /* Build configuration list for PBXNativeTarget "Whos HungryTests" */;
			buildPhases = (
				C36C41461A0B206600F37668 /* Sources */,
				C36C41471A0B206600F37668 /* Frameworks */,
				C36C41481A0B206600F37668 /* Resources */,
			);
			buildRules = (
			);
			dependencies = (
				C36C414C1A0B206600F37668 /* PBXTargetDependency */,
			);
			name = "Whos HungryTests";
			productName = "Whos HungryTests";
			productReference = C36C414A1A0B206600F37668 /* Whos HungryTests.xctest */;
			productType = "com.apple.product-type.bundle.unit-test";
		};
/* End PBXNativeTarget section */

/* Begin PBXProject section */
		C36C41291A0B206600F37668 /* Project object */ = {
			isa = PBXProject;
			attributes = {
				LastUpgradeCheck = 0610;
				ORGANIZATIONNAME = WHK;
				TargetAttributes = {
					C36C41301A0B206600F37668 = {
						CreatedOnToolsVersion = 6.1;
						DevelopmentTeam = L2JS3CUT43;
						SystemCapabilities = {
							com.apple.InAppPurchase = {
								enabled = 0;
							};
						};
					};
					C36C41491A0B206600F37668 = {
						CreatedOnToolsVersion = 6.1;
						DevelopmentTeam = L2JS3CUT43;
						TestTargetID = C36C41301A0B206600F37668;
					};
				};
			};
			buildConfigurationList = C36C412C1A0B206600F37668 /* Build configuration list for PBXProject "Whos Hungry" */;
			compatibilityVersion = "Xcode 3.2";
			developmentRegion = English;
			hasScannedForEncodings = 0;
			knownRegions = (
				en,
				Base,
			);
			mainGroup = C36C41281A0B206600F37668;
			productRefGroup = C36C41321A0B206600F37668 /* Products */;
			projectDirPath = "";
			projectRoot = "";
			targets = (
				C36C41301A0B206600F37668 /* Whos Hungry */,
				C36C41491A0B206600F37668 /* Whos HungryTests */,
			);
		};
/* End PBXProject section */

/* Begin PBXResourcesBuildPhase section */
		C36C412F1A0B206600F37668 /* Resources */ = {
			isa = PBXResourcesBuildPhase;
			buildActionMask = 2147483647;
			files = (
				1BD830691A19C55D006F0789 /* owlsound.caf in Resources */,
				1BF5C6341A0EEF83006D4D00 /* coffeePressed.jpeg in Resources */,
				1BF5C6361A0EEF83006D4D00 /* drinksPressed.png in Resources */,
				1BF5C4EB1A0EA751006D4D00 /* pencil.png in Resources */,
				1B9713D81A0B365100A2F46E /* final login image.png in Resources */,
				1B0ED51C1A15459A00639614 /* downvote.png in Resources */,
				1BD7009E1A211C1A00D32F95 /* list@2x.png in Resources */,
				1BF5C7471A0F4198006D4D00 /* thisguy.png in Resources */,
				1B9713D61A0B362700A2F46E /* owlintro.png in Resources */,
				1BD830641A197CA6006F0789 /* final thumbnail.png in Resources */,
				1BD7009B1A211C1A00D32F95 /* check@2x.png in Resources */,
				1B9713D11A0B362700A2F46E /* AustinLocation.gpx in Resources */,
				1BF5C6281A0EDD42006D4D00 /* drinks.png in Resources */,
				1B9713D31A0B362700A2F46E /* login-button-small-pressed@2x.png in Resources */,
				1BF5C6291A0EDD42006D4D00 /* lunch.gif in Resources */,
				C36C416D1A0B2B7000F37668 /* HootGroupCell.xib in Resources */,
				1BF5C4EF1A0EAD17006D4D00 /* nickcage.jpg in Resources */,
				1BED85A51A22657D0092C69E /* greenarrow.png in Resources */,
				1BF5C6261A0EDD42006D4D00 /* coffee.jpeg in Resources */,
				1BD42CF51A213206008796F9 /* bae5.jpeg in Resources */,
				1BF5C6391A0EF10B006D4D00 /* jennifer.jpg in Resources */,
				1BD700801A2115F000D32F95 /* bae3.jpeg in Resources */,
				1BF5C63B1A0EF2A1006D4D00 /* chipotle.JPG in Resources */,
				C36C41711A0B3DD800F37668 /* Main.storyboard in Resources */,
				1BD700811A2115F000D32F95 /* bae4.jpg in Resources */,
				1BF5C4F11A0EAD8D006D4D00 /* friendsicon.png in Resources */,
				1BD42CF31A212780008796F9 /* RSVPFriendsTableViewCell.xib in Resources */,
				1B0ED51D1A15459A00639614 /* upvote.png in Resources */,
				1BF5C7451A0F3FC9006D4D00 /* 02_blurred_backgrounds.jpg in Resources */,
				1BED85AC1A22A1300092C69E /* logosquare.png in Resources */,
				1BD7007F1A2115F000D32F95 /* bae2.jpg in Resources */,
				1BF5C6351A0EEF83006D4D00 /* dinnerPressed.jpeg in Resources */,
				1BED85A61A22657D0092C69E /* redarrow.png in Resources */,
				1BD7009C1A211C1A00D32F95 /* clock@2x.png in Resources */,
				1BF5C6271A0EDD42006D4D00 /* dinner.png in Resources */,
				1BF5C6371A0EEF83006D4D00 /* lunchPressed.jpeg in Resources */,
				C36C41451A0B206600F37668 /* LaunchScreen.xib in Resources */,
				C36C41421A0B206600F37668 /* Images.xcassets in Resources */,
				1B9713D21A0B362700A2F46E /* login-button-small-pressed.png in Resources */,
				1B9713D51A0B362700A2F46E /* login-button-small@2x.png in Resources */,
				1BD42CF71A21353D008796F9 /* rightarrow.png in Resources */,
				1BD7009D1A211C1A00D32F95 /* cross@2x.png in Resources */,
				1BF5C4ED1A0EACBE006D4D00 /* chiptole.png in Resources */,
				1BD830661A19A9AB006F0789 /* owl.mp3 in Resources */,
				1B0ED5191A1544EE00639614 /* updownvote.xib in Resources */,
				1B9713D41A0B362700A2F46E /* login-button-small.png in Resources */,
			);
			runOnlyForDeploymentPostprocessing = 0;
		};
		C36C41481A0B206600F37668 /* Resources */ = {
			isa = PBXResourcesBuildPhase;
			buildActionMask = 2147483647;
			files = (
			);
			runOnlyForDeploymentPostprocessing = 0;
		};
/* End PBXResourcesBuildPhase section */

/* Begin PBXSourcesBuildPhase section */
		C36C412D1A0B206600F37668 /* Sources */ = {
			isa = PBXSourcesBuildPhase;
			buildActionMask = 2147483647;
			files = (
				1BF5C73F1A0F040C006D4D00 /* ActionSheetDistancePicker.m in Sources */,
				1BF5C6161A0EB7D0006D4D00 /* AFURLConnectionOperation.m in Sources */,
				C313981A1A12EFF200DE18EC /* HootLobby.m in Sources */,
				1BD700AB1A211E5D00D32F95 /* NSMutableArray+SWUtilityButtons.m in Sources */,
				1B0ED5201A15485100639614 /* UpDownVoteView.m in Sources */,
				C36C413D1A0B206600F37668 /* LoginViewController.m in Sources */,
				1BF5C6151A0EB7D0006D4D00 /* AFSecurityPolicy.m in Sources */,
				1BD700AF1A211E5D00D32F95 /* SWUtilityButtonTapGestureRecognizer.m in Sources */,
				C36C416C1A0B2B7000F37668 /* HootGroupCell.m in Sources */,
				1BF5C61F1A0EB7D0006D4D00 /* UIProgressView+AFNetworking.m in Sources */,
				1BD700AE1A211E5D00D32F95 /* SWTableViewCell.m in Sources */,
				1BF5C73E1A0F040C006D4D00 /* ActionSheetDatePicker.m in Sources */,
				1BF5C7401A0F040C006D4D00 /* ActionSheetLocalePicker.m in Sources */,
				1BD700AD1A211E5D00D32F95 /* SWLongPressGestureRecognizer.m in Sources */,
				1BF5C61C1A0EB7D0006D4D00 /* UIAlertView+AFNetworking.m in Sources */,
				1BF5C61A1A0EB7D0006D4D00 /* AFNetworkActivityIndicatorManager.m in Sources */,
				1BF5C6121A0EB7D0006D4D00 /* AFHTTPRequestOperationManager.m in Sources */,
				1BD700B01A211E5D00D32F95 /* SWUtilityButtonView.m in Sources */,
				1BF5C7411A0F040C006D4D00 /* ActionSheetStringPicker.m in Sources */,
				1BF5C62F1A0EDEB6006D4D00 /* RestaurantsViewController.m in Sources */,
				1BF5C73D1A0F040C006D4D00 /* ActionSheetCustomPicker.m in Sources */,
				1BF5C7431A0F040C006D4D00 /* SWActionSheet.m in Sources */,
				1BF5C61D1A0EB7D0006D4D00 /* UIButton+AFNetworking.m in Sources */,
				1BF5C61B1A0EB7D0006D4D00 /* UIActivityIndicatorView+AFNetworking.m in Sources */,
				C36C413A1A0B206600F37668 /* AppDelegate.m in Sources */,
				1BF5C6211A0EB7D0006D4D00 /* UIWebView+AFNetworking.m in Sources */,
				C36C415F1A0B232600F37668 /* MapViewController.m in Sources */,
				C36C41371A0B206600F37668 /* main.m in Sources */,
				1BD42CF21A212780008796F9 /* RSVPFriendsTableViewCell.m in Sources */,
				1B9713DC1A0B3A8E00A2F46E /* UIImage+Resize.m in Sources */,
				1BF5C62E1A0EDEB6006D4D00 /* RestaurantCell.m in Sources */,
				1BF5C6191A0EB7D0006D4D00 /* AFURLSessionManager.m in Sources */,
				1BF5C6181A0EB7D0006D4D00 /* AFURLResponseSerialization.m in Sources */,
				C36C415C1A0B231B00F37668 /* MainViewController.m in Sources */,
				1BF5C73C1A0F040C006D4D00 /* AbstractActionSheetPicker.m in Sources */,
				1BF5C7421A0F040C006D4D00 /* DistancePickerView.m in Sources */,
				1BD700AC1A211E5D00D32F95 /* SWCellScrollView.m in Sources */,
				C36C41621A0B233900F37668 /* LobbyViewController.m in Sources */,
				1BF5C6171A0EB7D0006D4D00 /* AFURLRequestSerialization.m in Sources */,
				1BF5C6201A0EB7D0006D4D00 /* UIRefreshControl+AFNetworking.m in Sources */,
				1BF5C61E1A0EB7D0006D4D00 /* UIImageView+AFNetworking.m in Sources */,
				1BF5C6141A0EB7D0006D4D00 /* AFNetworkReachabilityManager.m in Sources */,
				C36C41651A0B234200F37668 /* SummaryViewController.m in Sources */,
				1BF5C6111A0EB7D0006D4D00 /* AFHTTPRequestOperation.m in Sources */,
				1BF5C6131A0EB7D0006D4D00 /* AFHTTPSessionManager.m in Sources */,
			);
			runOnlyForDeploymentPostprocessing = 0;
		};
		C36C41461A0B206600F37668 /* Sources */ = {
			isa = PBXSourcesBuildPhase;
			buildActionMask = 2147483647;
			files = (
				C36C41511A0B206600F37668 /* Whos_HungryTests.m in Sources */,
			);
			runOnlyForDeploymentPostprocessing = 0;
		};
/* End PBXSourcesBuildPhase section */

/* Begin PBXTargetDependency section */
		C36C414C1A0B206600F37668 /* PBXTargetDependency */ = {
			isa = PBXTargetDependency;
			target = C36C41301A0B206600F37668 /* Whos Hungry */;
			targetProxy = C36C414B1A0B206600F37668 /* PBXContainerItemProxy */;
		};
/* End PBXTargetDependency section */

/* Begin PBXVariantGroup section */
		C36C41431A0B206600F37668 /* LaunchScreen.xib */ = {
			isa = PBXVariantGroup;
			children = (
				C36C41441A0B206600F37668 /* Base */,
			);
			name = LaunchScreen.xib;
			sourceTree = "<group>";
		};
/* End PBXVariantGroup section */

/* Begin XCBuildConfiguration section */
		C36C41521A0B206600F37668 /* Debug */ = {
			isa = XCBuildConfiguration;
			buildSettings = {
				ALWAYS_SEARCH_USER_PATHS = NO;
				CLANG_CXX_LANGUAGE_STANDARD = "gnu++0x";
				CLANG_CXX_LIBRARY = "libc++";
				CLANG_ENABLE_MODULES = YES;
				CLANG_ENABLE_OBJC_ARC = YES;
				CLANG_WARN_BOOL_CONVERSION = YES;
				CLANG_WARN_CONSTANT_CONVERSION = YES;
				CLANG_WARN_DIRECT_OBJC_ISA_USAGE = YES_ERROR;
				CLANG_WARN_EMPTY_BODY = YES;
				CLANG_WARN_ENUM_CONVERSION = YES;
				CLANG_WARN_INT_CONVERSION = YES;
				CLANG_WARN_OBJC_ROOT_CLASS = YES_ERROR;
				CLANG_WARN_UNREACHABLE_CODE = YES;
				CLANG_WARN__DUPLICATE_METHOD_MATCH = YES;
				CODE_SIGN_IDENTITY = "iOS Development: Gilad Oved (XG726H4U35)";
				"CODE_SIGN_IDENTITY[sdk=iphoneos*]" = "iOS Development: Gilad Oved (XG726H4U35)";
				COPY_PHASE_STRIP = NO;
				ENABLE_STRICT_OBJC_MSGSEND = YES;
				GCC_C_LANGUAGE_STANDARD = gnu99;
				GCC_DYNAMIC_NO_PIC = NO;
				GCC_OPTIMIZATION_LEVEL = 0;
				GCC_PREPROCESSOR_DEFINITIONS = (
					"DEBUG=1",
					"$(inherited)",
				);
				GCC_SYMBOLS_PRIVATE_EXTERN = NO;
				GCC_WARN_64_TO_32_BIT_CONVERSION = YES;
				GCC_WARN_ABOUT_RETURN_TYPE = YES_ERROR;
				GCC_WARN_UNDECLARED_SELECTOR = YES;
				GCC_WARN_UNINITIALIZED_AUTOS = YES_AGGRESSIVE;
				GCC_WARN_UNUSED_FUNCTION = YES;
				GCC_WARN_UNUSED_VARIABLE = YES;
				IPHONEOS_DEPLOYMENT_TARGET = 8.1;
				MTL_ENABLE_DEBUG_INFO = YES;
				ONLY_ACTIVE_ARCH = YES;
				SDKROOT = iphoneos;
				TARGETED_DEVICE_FAMILY = "1,2";
			};
			name = Debug;
		};
		C36C41531A0B206600F37668 /* Release */ = {
			isa = XCBuildConfiguration;
			buildSettings = {
				ALWAYS_SEARCH_USER_PATHS = NO;
				CLANG_CXX_LANGUAGE_STANDARD = "gnu++0x";
				CLANG_CXX_LIBRARY = "libc++";
				CLANG_ENABLE_MODULES = YES;
				CLANG_ENABLE_OBJC_ARC = YES;
				CLANG_WARN_BOOL_CONVERSION = YES;
				CLANG_WARN_CONSTANT_CONVERSION = YES;
				CLANG_WARN_DIRECT_OBJC_ISA_USAGE = YES_ERROR;
				CLANG_WARN_EMPTY_BODY = YES;
				CLANG_WARN_ENUM_CONVERSION = YES;
				CLANG_WARN_INT_CONVERSION = YES;
				CLANG_WARN_OBJC_ROOT_CLASS = YES_ERROR;
				CLANG_WARN_UNREACHABLE_CODE = YES;
				CLANG_WARN__DUPLICATE_METHOD_MATCH = YES;
				CODE_SIGN_IDENTITY = "iOS Development: Gilad Oved (XG726H4U35)";
				"CODE_SIGN_IDENTITY[sdk=iphoneos*]" = "iOS Development: Gilad Oved (XG726H4U35)";
				COPY_PHASE_STRIP = YES;
				ENABLE_NS_ASSERTIONS = NO;
				ENABLE_STRICT_OBJC_MSGSEND = YES;
				GCC_C_LANGUAGE_STANDARD = gnu99;
				GCC_WARN_64_TO_32_BIT_CONVERSION = YES;
				GCC_WARN_ABOUT_RETURN_TYPE = YES_ERROR;
				GCC_WARN_UNDECLARED_SELECTOR = YES;
				GCC_WARN_UNINITIALIZED_AUTOS = YES_AGGRESSIVE;
				GCC_WARN_UNUSED_FUNCTION = YES;
				GCC_WARN_UNUSED_VARIABLE = YES;
				IPHONEOS_DEPLOYMENT_TARGET = 8.1;
				MTL_ENABLE_DEBUG_INFO = NO;
				SDKROOT = iphoneos;
				TARGETED_DEVICE_FAMILY = "1,2";
				VALIDATE_PRODUCT = YES;
			};
			name = Release;
		};
		C36C41551A0B206600F37668 /* Debug */ = {
			isa = XCBuildConfiguration;
			buildSettings = {
				ASSETCATALOG_COMPILER_APPICON_NAME = AppIcon;
				ASSETCATALOG_COMPILER_LAUNCHIMAGE_NAME = LaunchImage;
				CODE_SIGN_IDENTITY = "iOS Development: Gilad Oved (XG726H4U35)";
				"CODE_SIGN_IDENTITY[sdk=iphoneos*]" = "iOS Development: Gilad Oved (XG726H4U35)";
				FRAMEWORK_SEARCH_PATHS = (
					"$(inherited)",
					/Users/gilad/Documents/FacebookSDK,
					"$(PROJECT_DIR)",
				);
				IBC_ERRORS = NO;
				IBC_NOTICES = NO;
				IBC_WARNINGS = NO;
				IBSC_ERRORS = NO;
				IBSC_NOTICES = NO;
				IBSC_WARNINGS = NO;
				INFOPLIST_FILE = "Whos Hungry/Info.plist";
				IPHONEOS_DEPLOYMENT_TARGET = 7.0;
				LD_RUNPATH_SEARCH_PATHS = "$(inherited) @executable_path/Frameworks";
				PRODUCT_NAME = "$(TARGET_NAME)";
				PROVISIONING_PROFILE = "";
			};
			name = Debug;
		};
		C36C41561A0B206600F37668 /* Release */ = {
			isa = XCBuildConfiguration;
			buildSettings = {
				ASSETCATALOG_COMPILER_APPICON_NAME = AppIcon;
				ASSETCATALOG_COMPILER_LAUNCHIMAGE_NAME = LaunchImage;
				CODE_SIGN_IDENTITY = "iOS Development: Gilad Oved (XG726H4U35)";
				"CODE_SIGN_IDENTITY[sdk=iphoneos*]" = "iOS Development: Gilad Oved (XG726H4U35)";
				FRAMEWORK_SEARCH_PATHS = (
					"$(inherited)",
					/Users/gilad/Documents/FacebookSDK,
					"$(PROJECT_DIR)",
				);
				IBC_ERRORS = NO;
				IBC_NOTICES = NO;
				IBC_WARNINGS = NO;
				IBSC_ERRORS = NO;
				IBSC_NOTICES = NO;
				IBSC_WARNINGS = NO;
				INFOPLIST_FILE = "Whos Hungry/Info.plist";
				IPHONEOS_DEPLOYMENT_TARGET = 7.0;
				LD_RUNPATH_SEARCH_PATHS = "$(inherited) @executable_path/Frameworks";
				PRODUCT_NAME = "$(TARGET_NAME)";
				PROVISIONING_PROFILE = "";
			};
			name = Release;
		};
		C36C41581A0B206600F37668 /* Debug */ = {
			isa = XCBuildConfiguration;
			buildSettings = {
				BUNDLE_LOADER = "$(TEST_HOST)";
				FRAMEWORK_SEARCH_PATHS = (
					"$(SDKROOT)/Developer/Library/Frameworks",
					"$(inherited)",
				);
				GCC_PREPROCESSOR_DEFINITIONS = (
					"DEBUG=1",
					"$(inherited)",
				);
				INFOPLIST_FILE = "Whos HungryTests/Info.plist";
				LD_RUNPATH_SEARCH_PATHS = "$(inherited) @executable_path/Frameworks @loader_path/Frameworks";
				PRODUCT_NAME = "$(TARGET_NAME)";
				TEST_HOST = "$(BUILT_PRODUCTS_DIR)/Whos Hungry.app/Whos Hungry";
			};
			name = Debug;
		};
		C36C41591A0B206600F37668 /* Release */ = {
			isa = XCBuildConfiguration;
			buildSettings = {
				BUNDLE_LOADER = "$(TEST_HOST)";
				FRAMEWORK_SEARCH_PATHS = (
					"$(SDKROOT)/Developer/Library/Frameworks",
					"$(inherited)",
				);
				INFOPLIST_FILE = "Whos HungryTests/Info.plist";
				LD_RUNPATH_SEARCH_PATHS = "$(inherited) @executable_path/Frameworks @loader_path/Frameworks";
				PRODUCT_NAME = "$(TARGET_NAME)";
				TEST_HOST = "$(BUILT_PRODUCTS_DIR)/Whos Hungry.app/Whos Hungry";
			};
			name = Release;
		};
/* End XCBuildConfiguration section */

/* Begin XCConfigurationList section */
		C36C412C1A0B206600F37668 /* Build configuration list for PBXProject "Whos Hungry" */ = {
			isa = XCConfigurationList;
			buildConfigurations = (
				C36C41521A0B206600F37668 /* Debug */,
				C36C41531A0B206600F37668 /* Release */,
			);
			defaultConfigurationIsVisible = 0;
			defaultConfigurationName = Release;
		};
		C36C41541A0B206600F37668 /* Build configuration list for PBXNativeTarget "Whos Hungry" */ = {
			isa = XCConfigurationList;
			buildConfigurations = (
				C36C41551A0B206600F37668 /* Debug */,
				C36C41561A0B206600F37668 /* Release */,
			);
			defaultConfigurationIsVisible = 0;
			defaultConfigurationName = Release;
		};
		C36C41571A0B206600F37668 /* Build configuration list for PBXNativeTarget "Whos HungryTests" */ = {
			isa = XCConfigurationList;
			buildConfigurations = (
				C36C41581A0B206600F37668 /* Debug */,
				C36C41591A0B206600F37668 /* Release */,
			);
			defaultConfigurationIsVisible = 0;
			defaultConfigurationName = Release;
		};
/* End XCConfigurationList section */
	};
	rootObject = C36C41291A0B206600F37668 /* Project object */;
}
